// !$*UTF8*$!
{
	archiveVersion = 1;
	classes = {
	};
	objectVersion = 50;
	objects = {

/* Begin PBXBuildFile section */
		C16A29DC230D22AB00D4DAB4 /* LBFMClassifySubHeaderView.swift in Sources */ = {isa = PBXBuildFile; fileRef = C16A29DB230D22AB00D4DAB4 /* LBFMClassifySubHeaderView.swift */; };
		C16A29DE230D22C100D4DAB4 /* LBFMClassifySubFooterView.swift in Sources */ = {isa = PBXBuildFile; fileRef = C16A29DD230D22C100D4DAB4 /* LBFMClassifySubFooterView.swift */; };
		C16A29E0230D268700D4DAB4 /* LBFMClassifySubRecommendViewModel.swift in Sources */ = {isa = PBXBuildFile; fileRef = C16A29DF230D268700D4DAB4 /* LBFMClassifySubRecommendViewModel.swift */; };
		C16A29E4230D2B2500D4DAB4 /* LBFMClassifySubHeaderCell.swift in Sources */ = {isa = PBXBuildFile; fileRef = C16A29E3230D2B2500D4DAB4 /* LBFMClassifySubHeaderCell.swift */; };
		C16A29E6230D2B6600D4DAB4 /* LBFMClassifySubCategoryCell.swift in Sources */ = {isa = PBXBuildFile; fileRef = C16A29E5230D2B6600D4DAB4 /* LBFMClassifySubCategoryCell.swift */; };
		C16A29E8230D2CBD00D4DAB4 /* LBFMClassifySubHorizontalCell.swift in Sources */ = {isa = PBXBuildFile; fileRef = C16A29E7230D2CBD00D4DAB4 /* LBFMClassifySubHorizontalCell.swift */; };
		C16A29EF230D2CCA00D4DAB4 /* LBFMClassifySubModuleType4Cell.swift in Sources */ = {isa = PBXBuildFile; fileRef = C16A29E9230D2CC900D4DAB4 /* LBFMClassifySubModuleType4Cell.swift */; };
		C16A29F0230D2CCA00D4DAB4 /* LBFMClassifySubModuleType20Cell.swift in Sources */ = {isa = PBXBuildFile; fileRef = C16A29EA230D2CC900D4DAB4 /* LBFMClassifySubModuleType20Cell.swift */; };
		C16A29F1230D2CCA00D4DAB4 /* LBFMClassifySubModuleType16Cell.swift in Sources */ = {isa = PBXBuildFile; fileRef = C16A29EB230D2CC900D4DAB4 /* LBFMClassifySubModuleType16Cell.swift */; };
		C16A29F2230D2CCA00D4DAB4 /* LBFMClassifySubModuleType17Cell.swift in Sources */ = {isa = PBXBuildFile; fileRef = C16A29EC230D2CC900D4DAB4 /* LBFMClassifySubModuleType17Cell.swift */; };
		C16A29F3230D2CCA00D4DAB4 /* LBFMClassifySubModuleType23Cell.swift in Sources */ = {isa = PBXBuildFile; fileRef = C16A29ED230D2CC900D4DAB4 /* LBFMClassifySubModuleType23Cell.swift */; };
		C16A29F4230D2CCA00D4DAB4 /* LBFMClassifySubModuleType19Cell.swift in Sources */ = {isa = PBXBuildFile; fileRef = C16A29EE230D2CC900D4DAB4 /* LBFMClassifySubModuleType19Cell.swift */; };
		C17800E022FBAE6D004007FF /* LBFMHomeClassifyHeaderView.swift in Sources */ = {isa = PBXBuildFile; fileRef = C17800DF22FBAE6D004007FF /* LBFMHomeClassifyHeaderView.swift */; };
		C17800E222FBAE76004007FF /* LBFMHomeClassifyFooterView.swift in Sources */ = {isa = PBXBuildFile; fileRef = C17800E122FBAE76004007FF /* LBFMHomeClassifyFooterView.swift */; };
		C17800E422FBAE87004007FF /* LBFMHomeClassifyCell.swift in Sources */ = {isa = PBXBuildFile; fileRef = C17800E322FBAE87004007FF /* LBFMHomeClassifyCell.swift */; };
		C17800E622FBBBEA004007FF /* LBFMHomeClassifyModel.swift in Sources */ = {isa = PBXBuildFile; fileRef = C17800E522FBBBEA004007FF /* LBFMHomeClassifyModel.swift */; };
		C17800E822FBC514004007FF /* LBFMHomeClassifyViewModel.swift in Sources */ = {isa = PBXBuildFile; fileRef = C17800E722FBC514004007FF /* LBFMHomeClassifyViewModel.swift */; };
		C17800EA22FBC5F9004007FF /* LBFMHomeClassifProvider.swift in Sources */ = {isa = PBXBuildFile; fileRef = C17800E922FBC5F9004007FF /* LBFMHomeClassifProvider.swift */; };
		C17800F222FC0C73004007FF /* LBFMClassifySubMenuController.swift in Sources */ = {isa = PBXBuildFile; fileRef = C17800F122FC0C73004007FF /* LBFMClassifySubMenuController.swift */; };
		C17800F422FC10A6004007FF /* LBFMClassifySubMenuProvider.swift in Sources */ = {isa = PBXBuildFile; fileRef = C17800F322FC10A6004007FF /* LBFMClassifySubMenuProvider.swift */; };
		C17800F622FC1541004007FF /* LBFMClassifySubMenuCategoryModel.swift in Sources */ = {isa = PBXBuildFile; fileRef = C17800F522FC1541004007FF /* LBFMClassifySubMenuCategoryModel.swift */; };
		C17800F822FC1889004007FF /* LBFMClassifySubContentController.swift in Sources */ = {isa = PBXBuildFile; fileRef = C17800F722FC1889004007FF /* LBFMClassifySubContentController.swift */; };
		C17800FA22FC1968004007FF /* LBFMClassifySubRecommendController.swift in Sources */ = {isa = PBXBuildFile; fileRef = C17800F922FC1968004007FF /* LBFMClassifySubRecommendController.swift */; };
		C17800FD22FC1B10004007FF /* URefresh.swift in Sources */ = {isa = PBXBuildFile; fileRef = C17800FC22FC1B10004007FF /* URefresh.swift */; };
		C17800FF22FC23DA004007FF /* LBFMClassifySubVerticalCell.swift in Sources */ = {isa = PBXBuildFile; fileRef = C17800FE22FC23DA004007FF /* LBFMClassifySubVerticalCell.swift */; };
		C1A9D98D22FD1CE6007BBF35 /* LBFMPlayHeaderView.swift in Sources */ = {isa = PBXBuildFile; fileRef = C1A9D98C22FD1CE6007BBF35 /* LBFMPlayHeaderView.swift */; };
		C1A9D98F22FD1CF4007BBF35 /* LBFMPlayFooterView.swift in Sources */ = {isa = PBXBuildFile; fileRef = C1A9D98E22FD1CF4007BBF35 /* LBFMPlayFooterView.swift */; };
		C1A9D99122FD1D14007BBF35 /* LBFMPlayCell.swift in Sources */ = {isa = PBXBuildFile; fileRef = C1A9D99022FD1D14007BBF35 /* LBFMPlayCell.swift */; };
		C1A9D99322FD1D23007BBF35 /* LBFMPlayCommentCell.swift in Sources */ = {isa = PBXBuildFile; fileRef = C1A9D99222FD1D23007BBF35 /* LBFMPlayCommentCell.swift */; };
		C1A9D99522FD1D2D007BBF35 /* LBFMPlayCircleCell.swift in Sources */ = {isa = PBXBuildFile; fileRef = C1A9D99422FD1D2D007BBF35 /* LBFMPlayCircleCell.swift */; };
		C1A9D99722FD1D37007BBF35 /* LBFMPlayAnchorCell.swift in Sources */ = {isa = PBXBuildFile; fileRef = C1A9D99622FD1D37007BBF35 /* LBFMPlayAnchorCell.swift */; };
		C1A9D99922FD1D98007BBF35 /* LBFMPlayModel.swift in Sources */ = {isa = PBXBuildFile; fileRef = C1A9D99822FD1D98007BBF35 /* LBFMPlayModel.swift */; };
		C1A9D99B22FD1FBA007BBF35 /* LBFMPlayViewModel.swift in Sources */ = {isa = PBXBuildFile; fileRef = C1A9D99A22FD1FBA007BBF35 /* LBFMPlayViewModel.swift */; };
		C1A9D99D22FD42AC007BBF35 /* LBFMPlayProvider.swift in Sources */ = {isa = PBXBuildFile; fileRef = C1A9D99C22FD42AC007BBF35 /* LBFMPlayProvider.swift */; };
		C1AAC50E22FA614C006059A9 /* AppDelegate.swift in Sources */ = {isa = PBXBuildFile; fileRef = C1AAC50D22FA614C006059A9 /* AppDelegate.swift */; };
		C1AAC51322FA614C006059A9 /* Main.storyboard in Resources */ = {isa = PBXBuildFile; fileRef = C1AAC51122FA614C006059A9 /* Main.storyboard */; };
		C1AAC51522FA614D006059A9 /* Assets.xcassets in Resources */ = {isa = PBXBuildFile; fileRef = C1AAC51422FA614D006059A9 /* Assets.xcassets */; };
		C1AAC51822FA614D006059A9 /* LaunchScreen.storyboard in Resources */ = {isa = PBXBuildFile; fileRef = C1AAC51622FA614D006059A9 /* LaunchScreen.storyboard */; };
		C1AAC52322FA614D006059A9 /* LBFMTests.swift in Sources */ = {isa = PBXBuildFile; fileRef = C1AAC52222FA614D006059A9 /* LBFMTests.swift */; };
		C1AAC52E22FA614D006059A9 /* LBFMUITests.swift in Sources */ = {isa = PBXBuildFile; fileRef = C1AAC52D22FA614D006059A9 /* LBFMUITests.swift */; };
		C1AAC53D22FA78E9006059A9 /* LBFMHomeController.swift in Sources */ = {isa = PBXBuildFile; fileRef = C1AAC53C22FA78E9006059A9 /* LBFMHomeController.swift */; };
		C1AAC54322FA79B4006059A9 /* LBFMListenController.swift in Sources */ = {isa = PBXBuildFile; fileRef = C1AAC54222FA79B4006059A9 /* LBFMListenController.swift */; };
		C1AAC54522FA79BF006059A9 /* LBFMMineController.swift in Sources */ = {isa = PBXBuildFile; fileRef = C1AAC54422FA79BF006059A9 /* LBFMMineController.swift */; };
		C1AAC54722FA79C7006059A9 /* LBFMFindController.swift in Sources */ = {isa = PBXBuildFile; fileRef = C1AAC54622FA79C7006059A9 /* LBFMFindController.swift */; };
		C1AAC54922FA79D1006059A9 /* LBFMPlayController.swift in Sources */ = {isa = PBXBuildFile; fileRef = C1AAC54822FA79D1006059A9 /* LBFMPlayController.swift */; };
		C1AAC54C22FAA137006059A9 /* LBFMNavigationController.swift in Sources */ = {isa = PBXBuildFile; fileRef = C1AAC54B22FAA137006059A9 /* LBFMNavigationController.swift */; };
		C1AAC56C22FAA30A006059A9 /* ReplicatorLayer.swift in Sources */ = {isa = PBXBuildFile; fileRef = C1AAC56222FAA30A006059A9 /* ReplicatorLayer.swift */; };
		C1AAC56D22FAA30A006059A9 /* ReplicatorLayer.swift in Sources */ = {isa = PBXBuildFile; fileRef = C1AAC56222FAA30A006059A9 /* ReplicatorLayer.swift */; };
		C1AAC56E22FAA30A006059A9 /* ReplicatorLayer.swift in Sources */ = {isa = PBXBuildFile; fileRef = C1AAC56222FAA30A006059A9 /* ReplicatorLayer.swift */; };
		C1AAC56F22FAA30A006059A9 /* LBFMCustomLabel.swift in Sources */ = {isa = PBXBuildFile; fileRef = C1AAC56422FAA30A006059A9 /* LBFMCustomLabel.swift */; };
		C1AAC57022FAA30A006059A9 /* LBFMCustomLabel.swift in Sources */ = {isa = PBXBuildFile; fileRef = C1AAC56422FAA30A006059A9 /* LBFMCustomLabel.swift */; };
		C1AAC57122FAA30A006059A9 /* LBFMCustomLabel.swift in Sources */ = {isa = PBXBuildFile; fileRef = C1AAC56422FAA30A006059A9 /* LBFMCustomLabel.swift */; };
		C1AAC57222FAA30A006059A9 /* WRNavigationBar.swift in Sources */ = {isa = PBXBuildFile; fileRef = C1AAC56622FAA30A006059A9 /* WRNavigationBar.swift */; };
		C1AAC57322FAA30A006059A9 /* WRNavigationBar.swift in Sources */ = {isa = PBXBuildFile; fileRef = C1AAC56622FAA30A006059A9 /* WRNavigationBar.swift */; };
		C1AAC57422FAA30A006059A9 /* WRNavigationBar.swift in Sources */ = {isa = PBXBuildFile; fileRef = C1AAC56622FAA30A006059A9 /* WRNavigationBar.swift */; };
		C1AAC57522FAA30A006059A9 /* WRCustomNavigationBar.swift in Sources */ = {isa = PBXBuildFile; fileRef = C1AAC56722FAA30A006059A9 /* WRCustomNavigationBar.swift */; };
		C1AAC57622FAA30A006059A9 /* WRCustomNavigationBar.swift in Sources */ = {isa = PBXBuildFile; fileRef = C1AAC56722FAA30A006059A9 /* WRCustomNavigationBar.swift */; };
		C1AAC57722FAA30A006059A9 /* WRCustomNavigationBar.swift in Sources */ = {isa = PBXBuildFile; fileRef = C1AAC56722FAA30A006059A9 /* WRCustomNavigationBar.swift */; };
		C1AAC57822FAA30A006059A9 /* WRProxy.swift in Sources */ = {isa = PBXBuildFile; fileRef = C1AAC56922FAA30A006059A9 /* WRProxy.swift */; };
		C1AAC57922FAA30A006059A9 /* WRProxy.swift in Sources */ = {isa = PBXBuildFile; fileRef = C1AAC56922FAA30A006059A9 /* WRProxy.swift */; };
		C1AAC57A22FAA30A006059A9 /* WRProxy.swift in Sources */ = {isa = PBXBuildFile; fileRef = C1AAC56922FAA30A006059A9 /* WRProxy.swift */; };
		C1AAC57B22FAA30A006059A9 /* WRCycleScrollView.swift in Sources */ = {isa = PBXBuildFile; fileRef = C1AAC56A22FAA30A006059A9 /* WRCycleScrollView.swift */; };
		C1AAC57C22FAA30A006059A9 /* WRCycleScrollView.swift in Sources */ = {isa = PBXBuildFile; fileRef = C1AAC56A22FAA30A006059A9 /* WRCycleScrollView.swift */; };
		C1AAC57D22FAA30A006059A9 /* WRCycleScrollView.swift in Sources */ = {isa = PBXBuildFile; fileRef = C1AAC56A22FAA30A006059A9 /* WRCycleScrollView.swift */; };
		C1AAC57E22FAA30A006059A9 /* WRCycleCell.swift in Sources */ = {isa = PBXBuildFile; fileRef = C1AAC56B22FAA30A006059A9 /* WRCycleCell.swift */; };
		C1AAC57F22FAA30A006059A9 /* WRCycleCell.swift in Sources */ = {isa = PBXBuildFile; fileRef = C1AAC56B22FAA30A006059A9 /* WRCycleCell.swift */; };
		C1AAC58022FAA30A006059A9 /* WRCycleCell.swift in Sources */ = {isa = PBXBuildFile; fileRef = C1AAC56B22FAA30A006059A9 /* WRCycleCell.swift */; };
		C1AAC58322FAA9E2006059A9 /* LBFMHeader.swift in Sources */ = {isa = PBXBuildFile; fileRef = C1AAC58222FAA9E2006059A9 /* LBFMHeader.swift */; };
		C1AAC58422FAA9E2006059A9 /* LBFMHeader.swift in Sources */ = {isa = PBXBuildFile; fileRef = C1AAC58222FAA9E2006059A9 /* LBFMHeader.swift */; };
		C1AAC58522FAA9E2006059A9 /* LBFMHeader.swift in Sources */ = {isa = PBXBuildFile; fileRef = C1AAC58222FAA9E2006059A9 /* LBFMHeader.swift */; };
		C1AAC58722FABA2E006059A9 /* LBFMIrregularityBasicContentView.swift in Sources */ = {isa = PBXBuildFile; fileRef = C1AAC58622FABA2D006059A9 /* LBFMIrregularityBasicContentView.swift */; };
		C1AAC58822FABA2E006059A9 /* LBFMIrregularityBasicContentView.swift in Sources */ = {isa = PBXBuildFile; fileRef = C1AAC58622FABA2D006059A9 /* LBFMIrregularityBasicContentView.swift */; };
		C1AAC58922FABA2E006059A9 /* LBFMIrregularityBasicContentView.swift in Sources */ = {isa = PBXBuildFile; fileRef = C1AAC58622FABA2D006059A9 /* LBFMIrregularityBasicContentView.swift */; };
		C1AAC5B322FAC107006059A9 /* LBFMHomeClassifyController.swift in Sources */ = {isa = PBXBuildFile; fileRef = C1AAC5B222FAC107006059A9 /* LBFMHomeClassifyController.swift */; };
		C1AAC5B422FAC107006059A9 /* LBFMHomeClassifyController.swift in Sources */ = {isa = PBXBuildFile; fileRef = C1AAC5B222FAC107006059A9 /* LBFMHomeClassifyController.swift */; };
		C1AAC5B522FAC107006059A9 /* LBFMHomeClassifyController.swift in Sources */ = {isa = PBXBuildFile; fileRef = C1AAC5B222FAC107006059A9 /* LBFMHomeClassifyController.swift */; };
		C1AAC5B722FAC113006059A9 /* LBFMHomeBroadcastController.swift in Sources */ = {isa = PBXBuildFile; fileRef = C1AAC5B622FAC113006059A9 /* LBFMHomeBroadcastController.swift */; };
		C1AAC5B822FAC113006059A9 /* LBFMHomeBroadcastController.swift in Sources */ = {isa = PBXBuildFile; fileRef = C1AAC5B622FAC113006059A9 /* LBFMHomeBroadcastController.swift */; };
		C1AAC5B922FAC113006059A9 /* LBFMHomeBroadcastController.swift in Sources */ = {isa = PBXBuildFile; fileRef = C1AAC5B622FAC113006059A9 /* LBFMHomeBroadcastController.swift */; };
		C1AAC5BB22FAC11F006059A9 /* LBFMHomeLiveController.swift in Sources */ = {isa = PBXBuildFile; fileRef = C1AAC5BA22FAC11F006059A9 /* LBFMHomeLiveController.swift */; };
		C1AAC5BC22FAC11F006059A9 /* LBFMHomeLiveController.swift in Sources */ = {isa = PBXBuildFile; fileRef = C1AAC5BA22FAC11F006059A9 /* LBFMHomeLiveController.swift */; };
		C1AAC5BD22FAC11F006059A9 /* LBFMHomeLiveController.swift in Sources */ = {isa = PBXBuildFile; fileRef = C1AAC5BA22FAC11F006059A9 /* LBFMHomeLiveController.swift */; };
		C1AAC5BF22FAC12B006059A9 /* LBFMHomeVIPController.swift in Sources */ = {isa = PBXBuildFile; fileRef = C1AAC5BE22FAC12B006059A9 /* LBFMHomeVIPController.swift */; };
		C1AAC5C022FAC12B006059A9 /* LBFMHomeVIPController.swift in Sources */ = {isa = PBXBuildFile; fileRef = C1AAC5BE22FAC12B006059A9 /* LBFMHomeVIPController.swift */; };
		C1AAC5C122FAC12B006059A9 /* LBFMHomeVIPController.swift in Sources */ = {isa = PBXBuildFile; fileRef = C1AAC5BE22FAC12B006059A9 /* LBFMHomeVIPController.swift */; };
		C1B8D3382318B7C600EACFEE /* LBFMRecommendViewModel.swift in Sources */ = {isa = PBXBuildFile; fileRef = C1B8D3172318B7C600EACFEE /* LBFMRecommendViewModel.swift */; };
		C1B8D3392318B7C600EACFEE /* LBFMHomeRecommendController.swift in Sources */ = {isa = PBXBuildFile; fileRef = C1B8D3192318B7C600EACFEE /* LBFMHomeRecommendController.swift */; };
		C1B8D33A2318B7C600EACFEE /* LBFMRecommendModel.swift in Sources */ = {isa = PBXBuildFile; fileRef = C1B8D31B2318B7C600EACFEE /* LBFMRecommendModel.swift */; };
		C1B8D33B2318B7C600EACFEE /* LBFMRecommendHeaderCell.swift in Sources */ = {isa = PBXBuildFile; fileRef = C1B8D31D2318B7C600EACFEE /* LBFMRecommendHeaderCell.swift */; };
		C1B8D33C2318B7C600EACFEE /* LBRecommendForYouCell.swift in Sources */ = {isa = PBXBuildFile; fileRef = C1B8D31F2318B7C600EACFEE /* LBRecommendForYouCell.swift */; };
		C1B8D33D2318B7C600EACFEE /* LBFMRecommendForYouCell.swift in Sources */ = {isa = PBXBuildFile; fileRef = C1B8D3202318B7C600EACFEE /* LBFMRecommendForYouCell.swift */; };
		C1B8D33E2318B7C600EACFEE /* LBFMOneKeyListenCell.swift in Sources */ = {isa = PBXBuildFile; fileRef = C1B8D3222318B7C600EACFEE /* LBFMOneKeyListenCell.swift */; };
		C1B8D33F2318B7C600EACFEE /* LBOneKeyListenCell.swift in Sources */ = {isa = PBXBuildFile; fileRef = C1B8D3232318B7C600EACFEE /* LBOneKeyListenCell.swift */; };
		C1B8D3402318B7C600EACFEE /* LBFMRecommendHeaderView.swift in Sources */ = {isa = PBXBuildFile; fileRef = C1B8D3252318B7C600EACFEE /* LBFMRecommendHeaderView.swift */; };
		C1B8D3412318B7C600EACFEE /* LBFMRecommendFooterView.swift in Sources */ = {isa = PBXBuildFile; fileRef = C1B8D3262318B7C600EACFEE /* LBFMRecommendFooterView.swift */; };
		C1B8D3422318B7C600EACFEE /* LBFMGuessYouLikeCell.swift in Sources */ = {isa = PBXBuildFile; fileRef = C1B8D3282318B7C600EACFEE /* LBFMGuessYouLikeCell.swift */; };
		C1B8D3432318B7C600EACFEE /* LBFMRecommendGuessLikeCell.swift in Sources */ = {isa = PBXBuildFile; fileRef = C1B8D3292318B7C600EACFEE /* LBFMRecommendGuessLikeCell.swift */; };
		C1B8D3442318B7C600EACFEE /* LBFMRecommendGridCell.swift in Sources */ = {isa = PBXBuildFile; fileRef = C1B8D32B2318B7C600EACFEE /* LBFMRecommendGridCell.swift */; };
		C1B8D3452318B7C600EACFEE /* LBFMHotAudiobookCell.swift in Sources */ = {isa = PBXBuildFile; fileRef = C1B8D32D2318B7C600EACFEE /* LBFMHotAudiobookCell.swift */; };
		C1B8D3462318B7C600EACFEE /* LBHotAudiobookCell.swift in Sources */ = {isa = PBXBuildFile; fileRef = C1B8D32E2318B7C600EACFEE /* LBHotAudiobookCell.swift */; };
		C1B8D3472318B7C600EACFEE /* LBRecommendLiveCell.swift in Sources */ = {isa = PBXBuildFile; fileRef = C1B8D3302318B7C600EACFEE /* LBRecommendLiveCell.swift */; };
		C1B8D3482318B7C600EACFEE /* LBFMHomeRecommendLiveCell.swift in Sources */ = {isa = PBXBuildFile; fileRef = C1B8D3312318B7C600EACFEE /* LBFMHomeRecommendLiveCell.swift */; };
		C1B8D3492318B7C600EACFEE /* LBFMRecommendNewsCell.swift in Sources */ = {isa = PBXBuildFile; fileRef = C1B8D3332318B7C600EACFEE /* LBFMRecommendNewsCell.swift */; };
		C1B8D34A2318B7C600EACFEE /* LBFMAdvertCell.swift in Sources */ = {isa = PBXBuildFile; fileRef = C1B8D3352318B7C600EACFEE /* LBFMAdvertCell.swift */; };
		C1B8D34B2318B7C600EACFEE /* LBFMRecommendProvider.swift in Sources */ = {isa = PBXBuildFile; fileRef = C1B8D3372318B7C600EACFEE /* LBFMRecommendProvider.swift */; };
		C1B8D34D2318FB5500EACFEE /* LBFMWebViewController.swift in Sources */ = {isa = PBXBuildFile; fileRef = C1B8D34C2318FB5500EACFEE /* LBFMWebViewController.swift */; };
		CB0448BE95C063E91BF05C76 /* Pods_LBFM.framework in Frameworks */ = {isa = PBXBuildFile; fileRef = A34AE83B54A421F32A6A4831 /* Pods_LBFM.framework */; };
/* End PBXBuildFile section */

/* Begin PBXContainerItemProxy section */
		C1AAC51F22FA614D006059A9 /* PBXContainerItemProxy */ = {
			isa = PBXContainerItemProxy;
			containerPortal = C1AAC50222FA614C006059A9 /* Project object */;
			proxyType = 1;
			remoteGlobalIDString = C1AAC50922FA614C006059A9;
			remoteInfo = LBFM;
		};
		C1AAC52A22FA614D006059A9 /* PBXContainerItemProxy */ = {
			isa = PBXContainerItemProxy;
			containerPortal = C1AAC50222FA614C006059A9 /* Project object */;
			proxyType = 1;
			remoteGlobalIDString = C1AAC50922FA614C006059A9;
			remoteInfo = LBFM;
		};
/* End PBXContainerItemProxy section */

/* Begin PBXFileReference section */
		6EA1B015D00B9429529BC6CA /* Pods-LBFM.release.xcconfig */ = {isa = PBXFileReference; includeInIndex = 1; lastKnownFileType = text.xcconfig; name = "Pods-LBFM.release.xcconfig"; path = "Target Support Files/Pods-LBFM/Pods-LBFM.release.xcconfig"; sourceTree = "<group>"; };
		A34AE83B54A421F32A6A4831 /* Pods_LBFM.framework */ = {isa = PBXFileReference; explicitFileType = wrapper.framework; includeInIndex = 0; path = Pods_LBFM.framework; sourceTree = BUILT_PRODUCTS_DIR; };
		C16A29DB230D22AB00D4DAB4 /* LBFMClassifySubHeaderView.swift */ = {isa = PBXFileReference; lastKnownFileType = sourcecode.swift; path = LBFMClassifySubHeaderView.swift; sourceTree = "<group>"; };
		C16A29DD230D22C100D4DAB4 /* LBFMClassifySubFooterView.swift */ = {isa = PBXFileReference; lastKnownFileType = sourcecode.swift; path = LBFMClassifySubFooterView.swift; sourceTree = "<group>"; };
		C16A29DF230D268700D4DAB4 /* LBFMClassifySubRecommendViewModel.swift */ = {isa = PBXFileReference; lastKnownFileType = sourcecode.swift; path = LBFMClassifySubRecommendViewModel.swift; sourceTree = "<group>"; };
		C16A29E3230D2B2500D4DAB4 /* LBFMClassifySubHeaderCell.swift */ = {isa = PBXFileReference; lastKnownFileType = sourcecode.swift; path = LBFMClassifySubHeaderCell.swift; sourceTree = "<group>"; };
		C16A29E5230D2B6600D4DAB4 /* LBFMClassifySubCategoryCell.swift */ = {isa = PBXFileReference; lastKnownFileType = sourcecode.swift; path = LBFMClassifySubCategoryCell.swift; sourceTree = "<group>"; };
		C16A29E7230D2CBD00D4DAB4 /* LBFMClassifySubHorizontalCell.swift */ = {isa = PBXFileReference; fileEncoding = 4; lastKnownFileType = sourcecode.swift; path = LBFMClassifySubHorizontalCell.swift; sourceTree = "<group>"; };
		C16A29E9230D2CC900D4DAB4 /* LBFMClassifySubModuleType4Cell.swift */ = {isa = PBXFileReference; fileEncoding = 4; lastKnownFileType = sourcecode.swift; path = LBFMClassifySubModuleType4Cell.swift; sourceTree = "<group>"; };
		C16A29EA230D2CC900D4DAB4 /* LBFMClassifySubModuleType20Cell.swift */ = {isa = PBXFileReference; fileEncoding = 4; lastKnownFileType = sourcecode.swift; path = LBFMClassifySubModuleType20Cell.swift; sourceTree = "<group>"; };
		C16A29EB230D2CC900D4DAB4 /* LBFMClassifySubModuleType16Cell.swift */ = {isa = PBXFileReference; fileEncoding = 4; lastKnownFileType = sourcecode.swift; path = LBFMClassifySubModuleType16Cell.swift; sourceTree = "<group>"; };
		C16A29EC230D2CC900D4DAB4 /* LBFMClassifySubModuleType17Cell.swift */ = {isa = PBXFileReference; fileEncoding = 4; lastKnownFileType = sourcecode.swift; path = LBFMClassifySubModuleType17Cell.swift; sourceTree = "<group>"; };
		C16A29ED230D2CC900D4DAB4 /* LBFMClassifySubModuleType23Cell.swift */ = {isa = PBXFileReference; fileEncoding = 4; lastKnownFileType = sourcecode.swift; path = LBFMClassifySubModuleType23Cell.swift; sourceTree = "<group>"; };
		C16A29EE230D2CC900D4DAB4 /* LBFMClassifySubModuleType19Cell.swift */ = {isa = PBXFileReference; fileEncoding = 4; lastKnownFileType = sourcecode.swift; path = LBFMClassifySubModuleType19Cell.swift; sourceTree = "<group>"; };
		C17800DF22FBAE6D004007FF /* LBFMHomeClassifyHeaderView.swift */ = {isa = PBXFileReference; lastKnownFileType = sourcecode.swift; path = LBFMHomeClassifyHeaderView.swift; sourceTree = "<group>"; };
		C17800E122FBAE76004007FF /* LBFMHomeClassifyFooterView.swift */ = {isa = PBXFileReference; lastKnownFileType = sourcecode.swift; path = LBFMHomeClassifyFooterView.swift; sourceTree = "<group>"; };
		C17800E322FBAE87004007FF /* LBFMHomeClassifyCell.swift */ = {isa = PBXFileReference; lastKnownFileType = sourcecode.swift; path = LBFMHomeClassifyCell.swift; sourceTree = "<group>"; };
		C17800E522FBBBEA004007FF /* LBFMHomeClassifyModel.swift */ = {isa = PBXFileReference; lastKnownFileType = sourcecode.swift; path = LBFMHomeClassifyModel.swift; sourceTree = "<group>"; };
		C17800E722FBC514004007FF /* LBFMHomeClassifyViewModel.swift */ = {isa = PBXFileReference; lastKnownFileType = sourcecode.swift; path = LBFMHomeClassifyViewModel.swift; sourceTree = "<group>"; };
		C17800E922FBC5F9004007FF /* LBFMHomeClassifProvider.swift */ = {isa = PBXFileReference; lastKnownFileType = sourcecode.swift; path = LBFMHomeClassifProvider.swift; sourceTree = "<group>"; };
		C17800F122FC0C73004007FF /* LBFMClassifySubMenuController.swift */ = {isa = PBXFileReference; lastKnownFileType = sourcecode.swift; path = LBFMClassifySubMenuController.swift; sourceTree = "<group>"; };
		C17800F322FC10A6004007FF /* LBFMClassifySubMenuProvider.swift */ = {isa = PBXFileReference; lastKnownFileType = sourcecode.swift; path = LBFMClassifySubMenuProvider.swift; sourceTree = "<group>"; };
		C17800F522FC1541004007FF /* LBFMClassifySubMenuCategoryModel.swift */ = {isa = PBXFileReference; lastKnownFileType = sourcecode.swift; path = LBFMClassifySubMenuCategoryModel.swift; sourceTree = "<group>"; };
		C17800F722FC1889004007FF /* LBFMClassifySubContentController.swift */ = {isa = PBXFileReference; lastKnownFileType = sourcecode.swift; path = LBFMClassifySubContentController.swift; sourceTree = "<group>"; };
		C17800F922FC1968004007FF /* LBFMClassifySubRecommendController.swift */ = {isa = PBXFileReference; lastKnownFileType = sourcecode.swift; path = LBFMClassifySubRecommendController.swift; sourceTree = "<group>"; };
		C17800FC22FC1B10004007FF /* URefresh.swift */ = {isa = PBXFileReference; lastKnownFileType = sourcecode.swift; path = URefresh.swift; sourceTree = "<group>"; };
		C17800FE22FC23DA004007FF /* LBFMClassifySubVerticalCell.swift */ = {isa = PBXFileReference; lastKnownFileType = sourcecode.swift; path = LBFMClassifySubVerticalCell.swift; sourceTree = "<group>"; };
		C1A9D98C22FD1CE6007BBF35 /* LBFMPlayHeaderView.swift */ = {isa = PBXFileReference; lastKnownFileType = sourcecode.swift; path = LBFMPlayHeaderView.swift; sourceTree = "<group>"; };
		C1A9D98E22FD1CF4007BBF35 /* LBFMPlayFooterView.swift */ = {isa = PBXFileReference; lastKnownFileType = sourcecode.swift; path = LBFMPlayFooterView.swift; sourceTree = "<group>"; };
		C1A9D99022FD1D14007BBF35 /* LBFMPlayCell.swift */ = {isa = PBXFileReference; lastKnownFileType = sourcecode.swift; path = LBFMPlayCell.swift; sourceTree = "<group>"; };
		C1A9D99222FD1D23007BBF35 /* LBFMPlayCommentCell.swift */ = {isa = PBXFileReference; lastKnownFileType = sourcecode.swift; path = LBFMPlayCommentCell.swift; sourceTree = "<group>"; };
		C1A9D99422FD1D2D007BBF35 /* LBFMPlayCircleCell.swift */ = {isa = PBXFileReference; lastKnownFileType = sourcecode.swift; path = LBFMPlayCircleCell.swift; sourceTree = "<group>"; };
		C1A9D99622FD1D37007BBF35 /* LBFMPlayAnchorCell.swift */ = {isa = PBXFileReference; lastKnownFileType = sourcecode.swift; path = LBFMPlayAnchorCell.swift; sourceTree = "<group>"; };
		C1A9D99822FD1D98007BBF35 /* LBFMPlayModel.swift */ = {isa = PBXFileReference; lastKnownFileType = sourcecode.swift; path = LBFMPlayModel.swift; sourceTree = "<group>"; };
		C1A9D99A22FD1FBA007BBF35 /* LBFMPlayViewModel.swift */ = {isa = PBXFileReference; lastKnownFileType = sourcecode.swift; path = LBFMPlayViewModel.swift; sourceTree = "<group>"; };
		C1A9D99C22FD42AC007BBF35 /* LBFMPlayProvider.swift */ = {isa = PBXFileReference; lastKnownFileType = sourcecode.swift; path = LBFMPlayProvider.swift; sourceTree = "<group>"; };
		C1AAC50A22FA614C006059A9 /* LBFM.app */ = {isa = PBXFileReference; explicitFileType = wrapper.application; includeInIndex = 0; path = LBFM.app; sourceTree = BUILT_PRODUCTS_DIR; };
		C1AAC50D22FA614C006059A9 /* AppDelegate.swift */ = {isa = PBXFileReference; lastKnownFileType = sourcecode.swift; path = AppDelegate.swift; sourceTree = "<group>"; };
		C1AAC51222FA614C006059A9 /* Base */ = {isa = PBXFileReference; lastKnownFileType = file.storyboard; name = Base; path = Base.lproj/Main.storyboard; sourceTree = "<group>"; };
		C1AAC51422FA614D006059A9 /* Assets.xcassets */ = {isa = PBXFileReference; lastKnownFileType = folder.assetcatalog; path = Assets.xcassets; sourceTree = "<group>"; };
		C1AAC51722FA614D006059A9 /* Base */ = {isa = PBXFileReference; lastKnownFileType = file.storyboard; name = Base; path = Base.lproj/LaunchScreen.storyboard; sourceTree = "<group>"; };
		C1AAC51922FA614D006059A9 /* Info.plist */ = {isa = PBXFileReference; lastKnownFileType = text.plist.xml; path = Info.plist; sourceTree = "<group>"; };
		C1AAC51E22FA614D006059A9 /* LBFMTests.xctest */ = {isa = PBXFileReference; explicitFileType = wrapper.cfbundle; includeInIndex = 0; path = LBFMTests.xctest; sourceTree = BUILT_PRODUCTS_DIR; };
		C1AAC52222FA614D006059A9 /* LBFMTests.swift */ = {isa = PBXFileReference; lastKnownFileType = sourcecode.swift; path = LBFMTests.swift; sourceTree = "<group>"; };
		C1AAC52422FA614D006059A9 /* Info.plist */ = {isa = PBXFileReference; lastKnownFileType = text.plist.xml; path = Info.plist; sourceTree = "<group>"; };
		C1AAC52922FA614D006059A9 /* LBFMUITests.xctest */ = {isa = PBXFileReference; explicitFileType = wrapper.cfbundle; includeInIndex = 0; path = LBFMUITests.xctest; sourceTree = BUILT_PRODUCTS_DIR; };
		C1AAC52D22FA614D006059A9 /* LBFMUITests.swift */ = {isa = PBXFileReference; lastKnownFileType = sourcecode.swift; path = LBFMUITests.swift; sourceTree = "<group>"; };
		C1AAC52F22FA614D006059A9 /* Info.plist */ = {isa = PBXFileReference; lastKnownFileType = text.plist.xml; path = Info.plist; sourceTree = "<group>"; };
		C1AAC53C22FA78E9006059A9 /* LBFMHomeController.swift */ = {isa = PBXFileReference; lastKnownFileType = sourcecode.swift; path = LBFMHomeController.swift; sourceTree = "<group>"; };
		C1AAC54222FA79B4006059A9 /* LBFMListenController.swift */ = {isa = PBXFileReference; lastKnownFileType = sourcecode.swift; path = LBFMListenController.swift; sourceTree = "<group>"; };
		C1AAC54422FA79BF006059A9 /* LBFMMineController.swift */ = {isa = PBXFileReference; lastKnownFileType = sourcecode.swift; path = LBFMMineController.swift; sourceTree = "<group>"; };
		C1AAC54622FA79C7006059A9 /* LBFMFindController.swift */ = {isa = PBXFileReference; lastKnownFileType = sourcecode.swift; path = LBFMFindController.swift; sourceTree = "<group>"; };
		C1AAC54822FA79D1006059A9 /* LBFMPlayController.swift */ = {isa = PBXFileReference; lastKnownFileType = sourcecode.swift; path = LBFMPlayController.swift; sourceTree = "<group>"; };
		C1AAC54B22FAA137006059A9 /* LBFMNavigationController.swift */ = {isa = PBXFileReference; lastKnownFileType = sourcecode.swift; path = LBFMNavigationController.swift; sourceTree = "<group>"; };
		C1AAC56222FAA30A006059A9 /* ReplicatorLayer.swift */ = {isa = PBXFileReference; fileEncoding = 4; lastKnownFileType = sourcecode.swift; path = ReplicatorLayer.swift; sourceTree = "<group>"; };
		C1AAC56422FAA30A006059A9 /* LBFMCustomLabel.swift */ = {isa = PBXFileReference; fileEncoding = 4; lastKnownFileType = sourcecode.swift; path = LBFMCustomLabel.swift; sourceTree = "<group>"; };
		C1AAC56622FAA30A006059A9 /* WRNavigationBar.swift */ = {isa = PBXFileReference; fileEncoding = 4; lastKnownFileType = sourcecode.swift; path = WRNavigationBar.swift; sourceTree = "<group>"; };
		C1AAC56722FAA30A006059A9 /* WRCustomNavigationBar.swift */ = {isa = PBXFileReference; fileEncoding = 4; lastKnownFileType = sourcecode.swift; path = WRCustomNavigationBar.swift; sourceTree = "<group>"; };
		C1AAC56922FAA30A006059A9 /* WRProxy.swift */ = {isa = PBXFileReference; fileEncoding = 4; lastKnownFileType = sourcecode.swift; path = WRProxy.swift; sourceTree = "<group>"; };
		C1AAC56A22FAA30A006059A9 /* WRCycleScrollView.swift */ = {isa = PBXFileReference; fileEncoding = 4; lastKnownFileType = sourcecode.swift; path = WRCycleScrollView.swift; sourceTree = "<group>"; };
		C1AAC56B22FAA30A006059A9 /* WRCycleCell.swift */ = {isa = PBXFileReference; fileEncoding = 4; lastKnownFileType = sourcecode.swift; path = WRCycleCell.swift; sourceTree = "<group>"; };
		C1AAC58222FAA9E2006059A9 /* LBFMHeader.swift */ = {isa = PBXFileReference; fileEncoding = 4; lastKnownFileType = sourcecode.swift; path = LBFMHeader.swift; sourceTree = "<group>"; };
		C1AAC58622FABA2D006059A9 /* LBFMIrregularityBasicContentView.swift */ = {isa = PBXFileReference; fileEncoding = 4; lastKnownFileType = sourcecode.swift; path = LBFMIrregularityBasicContentView.swift; sourceTree = "<group>"; };
		C1AAC5B222FAC107006059A9 /* LBFMHomeClassifyController.swift */ = {isa = PBXFileReference; lastKnownFileType = sourcecode.swift; path = LBFMHomeClassifyController.swift; sourceTree = "<group>"; };
		C1AAC5B622FAC113006059A9 /* LBFMHomeBroadcastController.swift */ = {isa = PBXFileReference; lastKnownFileType = sourcecode.swift; path = LBFMHomeBroadcastController.swift; sourceTree = "<group>"; };
		C1AAC5BA22FAC11F006059A9 /* LBFMHomeLiveController.swift */ = {isa = PBXFileReference; lastKnownFileType = sourcecode.swift; path = LBFMHomeLiveController.swift; sourceTree = "<group>"; };
		C1AAC5BE22FAC12B006059A9 /* LBFMHomeVIPController.swift */ = {isa = PBXFileReference; lastKnownFileType = sourcecode.swift; path = LBFMHomeVIPController.swift; sourceTree = "<group>"; };
		C1B8D3172318B7C600EACFEE /* LBFMRecommendViewModel.swift */ = {isa = PBXFileReference; fileEncoding = 4; lastKnownFileType = sourcecode.swift; path = LBFMRecommendViewModel.swift; sourceTree = "<group>"; };
		C1B8D3192318B7C600EACFEE /* LBFMHomeRecommendController.swift */ = {isa = PBXFileReference; fileEncoding = 4; lastKnownFileType = sourcecode.swift; path = LBFMHomeRecommendController.swift; sourceTree = "<group>"; };
		C1B8D31B2318B7C600EACFEE /* LBFMRecommendModel.swift */ = {isa = PBXFileReference; fileEncoding = 4; lastKnownFileType = sourcecode.swift; path = LBFMRecommendModel.swift; sourceTree = "<group>"; };
		C1B8D31D2318B7C600EACFEE /* LBFMRecommendHeaderCell.swift */ = {isa = PBXFileReference; fileEncoding = 4; lastKnownFileType = sourcecode.swift; path = LBFMRecommendHeaderCell.swift; sourceTree = "<group>"; };
		C1B8D31F2318B7C600EACFEE /* LBRecommendForYouCell.swift */ = {isa = PBXFileReference; fileEncoding = 4; lastKnownFileType = sourcecode.swift; path = LBRecommendForYouCell.swift; sourceTree = "<group>"; };
		C1B8D3202318B7C600EACFEE /* LBFMRecommendForYouCell.swift */ = {isa = PBXFileReference; fileEncoding = 4; lastKnownFileType = sourcecode.swift; path = LBFMRecommendForYouCell.swift; sourceTree = "<group>"; };
		C1B8D3222318B7C600EACFEE /* LBFMOneKeyListenCell.swift */ = {isa = PBXFileReference; fileEncoding = 4; lastKnownFileType = sourcecode.swift; path = LBFMOneKeyListenCell.swift; sourceTree = "<group>"; };
		C1B8D3232318B7C600EACFEE /* LBOneKeyListenCell.swift */ = {isa = PBXFileReference; fileEncoding = 4; lastKnownFileType = sourcecode.swift; path = LBOneKeyListenCell.swift; sourceTree = "<group>"; };
		C1B8D3252318B7C600EACFEE /* LBFMRecommendHeaderView.swift */ = {isa = PBXFileReference; fileEncoding = 4; lastKnownFileType = sourcecode.swift; path = LBFMRecommendHeaderView.swift; sourceTree = "<group>"; };
		C1B8D3262318B7C600EACFEE /* LBFMRecommendFooterView.swift */ = {isa = PBXFileReference; fileEncoding = 4; lastKnownFileType = sourcecode.swift; path = LBFMRecommendFooterView.swift; sourceTree = "<group>"; };
		C1B8D3282318B7C600EACFEE /* LBFMGuessYouLikeCell.swift */ = {isa = PBXFileReference; fileEncoding = 4; lastKnownFileType = sourcecode.swift; path = LBFMGuessYouLikeCell.swift; sourceTree = "<group>"; };
		C1B8D3292318B7C600EACFEE /* LBFMRecommendGuessLikeCell.swift */ = {isa = PBXFileReference; fileEncoding = 4; lastKnownFileType = sourcecode.swift; path = LBFMRecommendGuessLikeCell.swift; sourceTree = "<group>"; };
		C1B8D32B2318B7C600EACFEE /* LBFMRecommendGridCell.swift */ = {isa = PBXFileReference; fileEncoding = 4; lastKnownFileType = sourcecode.swift; path = LBFMRecommendGridCell.swift; sourceTree = "<group>"; };
		C1B8D32D2318B7C600EACFEE /* LBFMHotAudiobookCell.swift */ = {isa = PBXFileReference; fileEncoding = 4; lastKnownFileType = sourcecode.swift; path = LBFMHotAudiobookCell.swift; sourceTree = "<group>"; };
		C1B8D32E2318B7C600EACFEE /* LBHotAudiobookCell.swift */ = {isa = PBXFileReference; fileEncoding = 4; lastKnownFileType = sourcecode.swift; path = LBHotAudiobookCell.swift; sourceTree = "<group>"; };
		C1B8D3302318B7C600EACFEE /* LBRecommendLiveCell.swift */ = {isa = PBXFileReference; fileEncoding = 4; lastKnownFileType = sourcecode.swift; path = LBRecommendLiveCell.swift; sourceTree = "<group>"; };
		C1B8D3312318B7C600EACFEE /* LBFMHomeRecommendLiveCell.swift */ = {isa = PBXFileReference; fileEncoding = 4; lastKnownFileType = sourcecode.swift; path = LBFMHomeRecommendLiveCell.swift; sourceTree = "<group>"; };
		C1B8D3332318B7C600EACFEE /* LBFMRecommendNewsCell.swift */ = {isa = PBXFileReference; fileEncoding = 4; lastKnownFileType = sourcecode.swift; path = LBFMRecommendNewsCell.swift; sourceTree = "<group>"; };
		C1B8D3352318B7C600EACFEE /* LBFMAdvertCell.swift */ = {isa = PBXFileReference; fileEncoding = 4; lastKnownFileType = sourcecode.swift; path = LBFMAdvertCell.swift; sourceTree = "<group>"; };
		C1B8D3372318B7C600EACFEE /* LBFMRecommendProvider.swift */ = {isa = PBXFileReference; fileEncoding = 4; lastKnownFileType = sourcecode.swift; path = LBFMRecommendProvider.swift; sourceTree = "<group>"; };
		C1B8D34C2318FB5500EACFEE /* LBFMWebViewController.swift */ = {isa = PBXFileReference; lastKnownFileType = sourcecode.swift; path = LBFMWebViewController.swift; sourceTree = "<group>"; };
		DAD80460D7F6D17529D43098 /* Pods-LBFM.debug.xcconfig */ = {isa = PBXFileReference; includeInIndex = 1; lastKnownFileType = text.xcconfig; name = "Pods-LBFM.debug.xcconfig"; path = "Target Support Files/Pods-LBFM/Pods-LBFM.debug.xcconfig"; sourceTree = "<group>"; };
/* End PBXFileReference section */

/* Begin PBXFrameworksBuildPhase section */
		C1AAC50722FA614C006059A9 /* Frameworks */ = {
			isa = PBXFrameworksBuildPhase;
			buildActionMask = 2147483647;
			files = (
				CB0448BE95C063E91BF05C76 /* Pods_LBFM.framework in Frameworks */,
			);
			runOnlyForDeploymentPostprocessing = 0;
		};
		C1AAC51B22FA614D006059A9 /* Frameworks */ = {
			isa = PBXFrameworksBuildPhase;
			buildActionMask = 2147483647;
			files = (
			);
			runOnlyForDeploymentPostprocessing = 0;
		};
		C1AAC52622FA614D006059A9 /* Frameworks */ = {
			isa = PBXFrameworksBuildPhase;
			buildActionMask = 2147483647;
			files = (
			);
			runOnlyForDeploymentPostprocessing = 0;
		};
/* End PBXFrameworksBuildPhase section */

/* Begin PBXGroup section */
		7B49C3FE680564B5CB789498 /* Pods */ = {
			isa = PBXGroup;
			children = (
				DAD80460D7F6D17529D43098 /* Pods-LBFM.debug.xcconfig */,
				6EA1B015D00B9429529BC6CA /* Pods-LBFM.release.xcconfig */,
			);
			path = Pods;
			sourceTree = "<group>";
		};
		AE333701B76441BDEC36DFF5 /* Frameworks */ = {
			isa = PBXGroup;
			children = (
				A34AE83B54A421F32A6A4831 /* Pods_LBFM.framework */,
			);
			name = Frameworks;
			sourceTree = "<group>";
		};
		C16A29DA230D225300D4DAB4 /* 头部尾部视图 */ = {
			isa = PBXGroup;
			children = (
				C16A29DB230D22AB00D4DAB4 /* LBFMClassifySubHeaderView.swift */,
				C16A29DD230D22C100D4DAB4 /* LBFMClassifySubFooterView.swift */,
			);
			path = "头部尾部视图";
			sourceTree = "<group>";
		};
		C17800EB22FC0C13004007FF /* 二级分类 */ = {
			isa = PBXGroup;
			children = (
				C17800EC22FC0C1D004007FF /* Controller */,
				C17800ED22FC0C2C004007FF /* API */,
				C17800F022FC0C45004007FF /* ViewModel */,
				C17800EF22FC0C40004007FF /* View */,
				C17800EE22FC0C3A004007FF /* Model */,
			);
			path = "二级分类";
			sourceTree = "<group>";
		};
		C17800EC22FC0C1D004007FF /* Controller */ = {
			isa = PBXGroup;
			children = (
				C17800F122FC0C73004007FF /* LBFMClassifySubMenuController.swift */,
				C17800F722FC1889004007FF /* LBFMClassifySubContentController.swift */,
				C17800F922FC1968004007FF /* LBFMClassifySubRecommendController.swift */,
			);
			path = Controller;
			sourceTree = "<group>";
		};
		C17800ED22FC0C2C004007FF /* API */ = {
			isa = PBXGroup;
			children = (
				C17800F322FC10A6004007FF /* LBFMClassifySubMenuProvider.swift */,
			);
			path = API;
			sourceTree = "<group>";
		};
		C17800EE22FC0C3A004007FF /* Model */ = {
			isa = PBXGroup;
			children = (
				C17800F522FC1541004007FF /* LBFMClassifySubMenuCategoryModel.swift */,
			);
			path = Model;
			sourceTree = "<group>";
		};
		C17800EF22FC0C40004007FF /* View */ = {
			isa = PBXGroup;
			children = (
				C17800FE22FC23DA004007FF /* LBFMClassifySubVerticalCell.swift */,
				C16A29E3230D2B2500D4DAB4 /* LBFMClassifySubHeaderCell.swift */,
				C16A29E5230D2B6600D4DAB4 /* LBFMClassifySubCategoryCell.swift */,
				C16A29E7230D2CBD00D4DAB4 /* LBFMClassifySubHorizontalCell.swift */,
				C16A29E9230D2CC900D4DAB4 /* LBFMClassifySubModuleType4Cell.swift */,
				C16A29EB230D2CC900D4DAB4 /* LBFMClassifySubModuleType16Cell.swift */,
				C16A29EC230D2CC900D4DAB4 /* LBFMClassifySubModuleType17Cell.swift */,
				C16A29EE230D2CC900D4DAB4 /* LBFMClassifySubModuleType19Cell.swift */,
				C16A29EA230D2CC900D4DAB4 /* LBFMClassifySubModuleType20Cell.swift */,
				C16A29ED230D2CC900D4DAB4 /* LBFMClassifySubModuleType23Cell.swift */,
				C16A29DA230D225300D4DAB4 /* 头部尾部视图 */,
			);
			path = View;
			sourceTree = "<group>";
		};
		C17800F022FC0C45004007FF /* ViewModel */ = {
			isa = PBXGroup;
			children = (
				C16A29DF230D268700D4DAB4 /* LBFMClassifySubRecommendViewModel.swift */,
			);
			path = ViewModel;
			sourceTree = "<group>";
		};
		C17800FB22FC1AED004007FF /* Refresh */ = {
			isa = PBXGroup;
			children = (
				C17800FC22FC1B10004007FF /* URefresh.swift */,
			);
			path = Refresh;
			sourceTree = "<group>";
		};
		C1A9D98722FD1A7C007BBF35 /* Controller */ = {
			isa = PBXGroup;
			children = (
			);
			path = Controller;
			sourceTree = "<group>";
		};
		C1A9D98822FD1A84007BBF35 /* API */ = {
			isa = PBXGroup;
			children = (
				C1A9D99C22FD42AC007BBF35 /* LBFMPlayProvider.swift */,
			);
			path = API;
			sourceTree = "<group>";
		};
		C1A9D98922FD1A8A007BBF35 /* Model */ = {
			isa = PBXGroup;
			children = (
				C1A9D99822FD1D98007BBF35 /* LBFMPlayModel.swift */,
			);
			path = Model;
			sourceTree = "<group>";
		};
		C1A9D98A22FD1A90007BBF35 /* View */ = {
			isa = PBXGroup;
			children = (
				C1A9D98C22FD1CE6007BBF35 /* LBFMPlayHeaderView.swift */,
				C1A9D98E22FD1CF4007BBF35 /* LBFMPlayFooterView.swift */,
				C1A9D99022FD1D14007BBF35 /* LBFMPlayCell.swift */,
				C1A9D99222FD1D23007BBF35 /* LBFMPlayCommentCell.swift */,
				C1A9D99422FD1D2D007BBF35 /* LBFMPlayCircleCell.swift */,
				C1A9D99622FD1D37007BBF35 /* LBFMPlayAnchorCell.swift */,
			);
			path = View;
			sourceTree = "<group>";
		};
		C1A9D98B22FD1A96007BBF35 /* ViewModel */ = {
			isa = PBXGroup;
			children = (
				C1A9D99A22FD1FBA007BBF35 /* LBFMPlayViewModel.swift */,
			);
			path = ViewModel;
			sourceTree = "<group>";
		};
		C1AAC50122FA614C006059A9 = {
			isa = PBXGroup;
			children = (
				C1AAC50C22FA614C006059A9 /* LBFM */,
				C1AAC52122FA614D006059A9 /* LBFMTests */,
				C1AAC52C22FA614D006059A9 /* LBFMUITests */,
				C1AAC50B22FA614C006059A9 /* Products */,
				7B49C3FE680564B5CB789498 /* Pods */,
				AE333701B76441BDEC36DFF5 /* Frameworks */,
			);
			sourceTree = "<group>";
		};
		C1AAC50B22FA614C006059A9 /* Products */ = {
			isa = PBXGroup;
			children = (
				C1AAC50A22FA614C006059A9 /* LBFM.app */,
				C1AAC51E22FA614D006059A9 /* LBFMTests.xctest */,
				C1AAC52922FA614D006059A9 /* LBFMUITests.xctest */,
			);
			name = Products;
			sourceTree = "<group>";
		};
		C1AAC50C22FA614C006059A9 /* LBFM */ = {
			isa = PBXGroup;
			children = (
				C1AAC50D22FA614C006059A9 /* AppDelegate.swift */,
				C1AAC58122FAA9D6006059A9 /* Common */,
				C1AAC54E22FAA2F5006059A9 /* Lib */,
				C1AAC54D22FAA2CF006059A9 /* Controller */,
				C1AAC51122FA614C006059A9 /* Main.storyboard */,
				C1AAC51422FA614D006059A9 /* Assets.xcassets */,
				C1AAC51622FA614D006059A9 /* LaunchScreen.storyboard */,
				C1AAC51922FA614D006059A9 /* Info.plist */,
			);
			path = LBFM;
			sourceTree = "<group>";
		};
		C1AAC52122FA614D006059A9 /* LBFMTests */ = {
			isa = PBXGroup;
			children = (
				C1AAC52222FA614D006059A9 /* LBFMTests.swift */,
				C1AAC52422FA614D006059A9 /* Info.plist */,
			);
			path = LBFMTests;
			sourceTree = "<group>";
		};
		C1AAC52C22FA614D006059A9 /* LBFMUITests */ = {
			isa = PBXGroup;
			children = (
				C1AAC52D22FA614D006059A9 /* LBFMUITests.swift */,
				C1AAC52F22FA614D006059A9 /* Info.plist */,
			);
			path = LBFMUITests;
			sourceTree = "<group>";
		};
		C1AAC53B22FA78C5006059A9 /* Home */ = {
			isa = PBXGroup;
			children = (
				C1AAC53C22FA78E9006059A9 /* LBFMHomeController.swift */,
				C1B8D3152318B7C600EACFEE /* 推荐 */,
				C1AAC59622FABDDF006059A9 /* 分类 */,
				C1AAC5A822FABDDF006059A9 /* 广播 */,
				C1AAC59C22FABDDF006059A9 /* 直播 */,
				C1AAC58A22FABDDF006059A9 /* VIP */,
			);
			path = Home;
			sourceTree = "<group>";
		};
		C1AAC53E22FA7969006059A9 /* Listen */ = {
			isa = PBXGroup;
			children = (
				C1AAC54222FA79B4006059A9 /* LBFMListenController.swift */,
			);
			path = Listen;
			sourceTree = "<group>";
		};
		C1AAC53F22FA7982006059A9 /* Mine */ = {
			isa = PBXGroup;
			children = (
				C1AAC54422FA79BF006059A9 /* LBFMMineController.swift */,
			);
			path = Mine;
			sourceTree = "<group>";
		};
		C1AAC54022FA798A006059A9 /* Play */ = {
			isa = PBXGroup;
			children = (
				C1AAC54822FA79D1006059A9 /* LBFMPlayController.swift */,
				C1A9D98B22FD1A96007BBF35 /* ViewModel */,
				C1A9D98A22FD1A90007BBF35 /* View */,
				C1A9D98922FD1A8A007BBF35 /* Model */,
				C1A9D98822FD1A84007BBF35 /* API */,
				C1A9D98722FD1A7C007BBF35 /* Controller */,
			);
			path = Play;
			sourceTree = "<group>";
		};
		C1AAC54122FA79A9006059A9 /* Find */ = {
			isa = PBXGroup;
			children = (
				C1AAC54622FA79C7006059A9 /* LBFMFindController.swift */,
			);
			path = Find;
			sourceTree = "<group>";
		};
		C1AAC54A22FAA11B006059A9 /* Main */ = {
			isa = PBXGroup;
			children = (
				C1AAC54B22FAA137006059A9 /* LBFMNavigationController.swift */,
				C1AAC58622FABA2D006059A9 /* LBFMIrregularityBasicContentView.swift */,
			);
			path = Main;
			sourceTree = "<group>";
		};
		C1AAC54D22FAA2CF006059A9 /* Controller */ = {
			isa = PBXGroup;
			children = (
				C1AAC54A22FAA11B006059A9 /* Main */,
				C1AAC53B22FA78C5006059A9 /* Home */,
				C1AAC53E22FA7969006059A9 /* Listen */,
				C1AAC54022FA798A006059A9 /* Play */,
				C1AAC54122FA79A9006059A9 /* Find */,
				C1AAC53F22FA7982006059A9 /* Mine */,
			);
			path = Controller;
			sourceTree = "<group>";
		};
		C1AAC54E22FAA2F5006059A9 /* Lib */ = {
			isa = PBXGroup;
			children = (
				C17800FB22FC1AED004007FF /* Refresh */,
				C1AAC56322FAA30A006059A9 /* CustomLabel */,
				C1AAC56122FAA30A006059A9 /* ReplicatorLayer */,
				C1AAC56522FAA30A006059A9 /* WRNavigationBar */,
			);
			path = Lib;
			sourceTree = "<group>";
		};
		C1AAC56122FAA30A006059A9 /* ReplicatorLayer */ = {
			isa = PBXGroup;
			children = (
				C1AAC56222FAA30A006059A9 /* ReplicatorLayer.swift */,
			);
			path = ReplicatorLayer;
			sourceTree = "<group>";
		};
		C1AAC56322FAA30A006059A9 /* CustomLabel */ = {
			isa = PBXGroup;
			children = (
				C1AAC56422FAA30A006059A9 /* LBFMCustomLabel.swift */,
			);
			path = CustomLabel;
			sourceTree = "<group>";
		};
		C1AAC56522FAA30A006059A9 /* WRNavigationBar */ = {
			isa = PBXGroup;
			children = (
				C1AAC56622FAA30A006059A9 /* WRNavigationBar.swift */,
				C1AAC56722FAA30A006059A9 /* WRCustomNavigationBar.swift */,
				C1AAC56822FAA30A006059A9 /* WRCycleScrollView */,
			);
			name = WRNavigationBar;
			path = "../../../../GitCode/LBXMLYFM-Swift/LBFM-Swift/Lib/WRNavigationBar";
			sourceTree = "<group>";
		};
		C1AAC56822FAA30A006059A9 /* WRCycleScrollView */ = {
			isa = PBXGroup;
			children = (
				C1AAC56922FAA30A006059A9 /* WRProxy.swift */,
				C1AAC56A22FAA30A006059A9 /* WRCycleScrollView.swift */,
				C1AAC56B22FAA30A006059A9 /* WRCycleCell.swift */,
			);
			path = WRCycleScrollView;
			sourceTree = "<group>";
		};
		C1AAC58122FAA9D6006059A9 /* Common */ = {
			isa = PBXGroup;
			children = (
				C1AAC58222FAA9E2006059A9 /* LBFMHeader.swift */,
			);
			path = Common;
			sourceTree = "<group>";
		};
		C1AAC58A22FABDDF006059A9 /* VIP */ = {
			isa = PBXGroup;
			children = (
				C1AAC58B22FABDDF006059A9 /* ViewModel */,
				C1AAC58C22FABDDF006059A9 /* Controller */,
				C1AAC58D22FABDDF006059A9 /* Model */,
				C1AAC58E22FABDDF006059A9 /* View */,
				C1AAC58F22FABDDF006059A9 /* API */,
				C1AAC5BE22FAC12B006059A9 /* LBFMHomeVIPController.swift */,
			);
			path = VIP;
			sourceTree = "<group>";
		};
		C1AAC58B22FABDDF006059A9 /* ViewModel */ = {
			isa = PBXGroup;
			children = (
			);
			path = ViewModel;
			sourceTree = "<group>";
		};
		C1AAC58C22FABDDF006059A9 /* Controller */ = {
			isa = PBXGroup;
			children = (
			);
			path = Controller;
			sourceTree = "<group>";
		};
		C1AAC58D22FABDDF006059A9 /* Model */ = {
			isa = PBXGroup;
			children = (
			);
			path = Model;
			sourceTree = "<group>";
		};
		C1AAC58E22FABDDF006059A9 /* View */ = {
			isa = PBXGroup;
			children = (
			);
			path = View;
			sourceTree = "<group>";
		};
		C1AAC58F22FABDDF006059A9 /* API */ = {
			isa = PBXGroup;
			children = (
			);
			path = API;
			sourceTree = "<group>";
		};
		C1AAC59622FABDDF006059A9 /* 分类 */ = {
			isa = PBXGroup;
			children = (
				C1AAC5B222FAC107006059A9 /* LBFMHomeClassifyController.swift */,
				C17800EB22FC0C13004007FF /* 二级分类 */,
				C1AAC59722FABDDF006059A9 /* ViewModel */,
				C1AAC59822FABDDF006059A9 /* Controller */,
				C1AAC59922FABDDF006059A9 /* Model */,
				C1AAC59A22FABDDF006059A9 /* View */,
				C1AAC59B22FABDDF006059A9 /* API */,
			);
			path = "分类";
			sourceTree = "<group>";
		};
		C1AAC59722FABDDF006059A9 /* ViewModel */ = {
			isa = PBXGroup;
			children = (
				C17800E722FBC514004007FF /* LBFMHomeClassifyViewModel.swift */,
			);
			path = ViewModel;
			sourceTree = "<group>";
		};
		C1AAC59822FABDDF006059A9 /* Controller */ = {
			isa = PBXGroup;
			children = (
			);
			path = Controller;
			sourceTree = "<group>";
		};
		C1AAC59922FABDDF006059A9 /* Model */ = {
			isa = PBXGroup;
			children = (
				C17800E522FBBBEA004007FF /* LBFMHomeClassifyModel.swift */,
			);
			path = Model;
			sourceTree = "<group>";
		};
		C1AAC59A22FABDDF006059A9 /* View */ = {
			isa = PBXGroup;
			children = (
				C17800DF22FBAE6D004007FF /* LBFMHomeClassifyHeaderView.swift */,
				C17800E122FBAE76004007FF /* LBFMHomeClassifyFooterView.swift */,
				C17800E322FBAE87004007FF /* LBFMHomeClassifyCell.swift */,
			);
			path = View;
			sourceTree = "<group>";
		};
		C1AAC59B22FABDDF006059A9 /* API */ = {
			isa = PBXGroup;
			children = (
				C17800E922FBC5F9004007FF /* LBFMHomeClassifProvider.swift */,
			);
			path = API;
			sourceTree = "<group>";
		};
		C1AAC59C22FABDDF006059A9 /* 直播 */ = {
			isa = PBXGroup;
			children = (
				C1AAC59D22FABDDF006059A9 /* ViewModel */,
				C1AAC59E22FABDDF006059A9 /* 1 */,
				C1AAC5A422FABDDF006059A9 /* Controller */,
				C1AAC5A522FABDDF006059A9 /* Model */,
				C1AAC5A622FABDDF006059A9 /* View */,
				C1AAC5A722FABDDF006059A9 /* API */,
				C1AAC5BA22FAC11F006059A9 /* LBFMHomeLiveController.swift */,
			);
			path = "直播";
			sourceTree = "<group>";
		};
		C1AAC59D22FABDDF006059A9 /* ViewModel */ = {
			isa = PBXGroup;
			children = (
			);
			path = ViewModel;
			sourceTree = "<group>";
		};
		C1AAC59E22FABDDF006059A9 /* 1 */ = {
			isa = PBXGroup;
			children = (
				C1AAC59F22FABDDF006059A9 /* ViewModel */,
				C1AAC5A022FABDDF006059A9 /* Controller */,
				C1AAC5A122FABDDF006059A9 /* Model */,
				C1AAC5A222FABDDF006059A9 /* View */,
				C1AAC5A322FABDDF006059A9 /* API */,
			);
			path = 1;
			sourceTree = "<group>";
		};
		C1AAC59F22FABDDF006059A9 /* ViewModel */ = {
			isa = PBXGroup;
			children = (
			);
			path = ViewModel;
			sourceTree = "<group>";
		};
		C1AAC5A022FABDDF006059A9 /* Controller */ = {
			isa = PBXGroup;
			children = (
			);
			path = Controller;
			sourceTree = "<group>";
		};
		C1AAC5A122FABDDF006059A9 /* Model */ = {
			isa = PBXGroup;
			children = (
			);
			path = Model;
			sourceTree = "<group>";
		};
		C1AAC5A222FABDDF006059A9 /* View */ = {
			isa = PBXGroup;
			children = (
			);
			path = View;
			sourceTree = "<group>";
		};
		C1AAC5A322FABDDF006059A9 /* API */ = {
			isa = PBXGroup;
			children = (
			);
			path = API;
			sourceTree = "<group>";
		};
		C1AAC5A422FABDDF006059A9 /* Controller */ = {
			isa = PBXGroup;
			children = (
			);
			path = Controller;
			sourceTree = "<group>";
		};
		C1AAC5A522FABDDF006059A9 /* Model */ = {
			isa = PBXGroup;
			children = (
			);
			path = Model;
			sourceTree = "<group>";
		};
		C1AAC5A622FABDDF006059A9 /* View */ = {
			isa = PBXGroup;
			children = (
			);
			path = View;
			sourceTree = "<group>";
		};
		C1AAC5A722FABDDF006059A9 /* API */ = {
			isa = PBXGroup;
			children = (
			);
			path = API;
			sourceTree = "<group>";
		};
		C1AAC5A822FABDDF006059A9 /* 广播 */ = {
			isa = PBXGroup;
			children = (
				C1AAC5A922FABDDF006059A9 /* ViewModel */,
				C1AAC5AA22FABDDF006059A9 /* Controller */,
				C1AAC5AB22FABDDF006059A9 /* Model */,
				C1AAC5AC22FABDDF006059A9 /* View */,
				C1AAC5AD22FABDDF006059A9 /* API */,
				C1AAC5B622FAC113006059A9 /* LBFMHomeBroadcastController.swift */,
			);
			path = "广播";
			sourceTree = "<group>";
		};
		C1AAC5A922FABDDF006059A9 /* ViewModel */ = {
			isa = PBXGroup;
			children = (
			);
			path = ViewModel;
			sourceTree = "<group>";
		};
		C1AAC5AA22FABDDF006059A9 /* Controller */ = {
			isa = PBXGroup;
			children = (
			);
			path = Controller;
			sourceTree = "<group>";
		};
		C1AAC5AB22FABDDF006059A9 /* Model */ = {
			isa = PBXGroup;
			children = (
			);
			path = Model;
			sourceTree = "<group>";
		};
		C1AAC5AC22FABDDF006059A9 /* View */ = {
			isa = PBXGroup;
			children = (
			);
			path = View;
			sourceTree = "<group>";
		};
		C1AAC5AD22FABDDF006059A9 /* API */ = {
			isa = PBXGroup;
			children = (
			);
			path = API;
			sourceTree = "<group>";
		};
		C1B8D3152318B7C600EACFEE /* 推荐 */ = {
			isa = PBXGroup;
			children = (
				C1B8D3162318B7C600EACFEE /* ViewModel */,
				C1B8D3182318B7C600EACFEE /* Controller */,
				C1B8D3192318B7C600EACFEE /* LBFMHomeRecommendController.swift */,
				C1B8D31A2318B7C600EACFEE /* Model */,
				C1B8D31C2318B7C600EACFEE /* View */,
				C1B8D3362318B7C600EACFEE /* API */,
			);
			name = "推荐";
			path = "../../../../../推荐";
			sourceTree = "<group>";
		};
		C1B8D3162318B7C600EACFEE /* ViewModel */ = {
			isa = PBXGroup;
			children = (
				C1B8D3172318B7C600EACFEE /* LBFMRecommendViewModel.swift */,
			);
			path = ViewModel;
			sourceTree = "<group>";
		};
		C1B8D3182318B7C600EACFEE /* Controller */ = {
			isa = PBXGroup;
			children = (
				C1B8D34C2318FB5500EACFEE /* LBFMWebViewController.swift */,
			);
			path = Controller;
			sourceTree = "<group>";
		};
		C1B8D31A2318B7C600EACFEE /* Model */ = {
			isa = PBXGroup;
			children = (
				C1B8D31B2318B7C600EACFEE /* LBFMRecommendModel.swift */,
			);
			path = Model;
			sourceTree = "<group>";
		};
		C1B8D31C2318B7C600EACFEE /* View */ = {
			isa = PBXGroup;
			children = (
				C1B8D31D2318B7C600EACFEE /* LBFMRecommendHeaderCell.swift */,
				C1B8D31E2318B7C600EACFEE /* 为你推荐 */,
				C1B8D3212318B7C600EACFEE /* 懒人电台 */,
				C1B8D3242318B7C600EACFEE /* 组头尾部视图 */,
				C1B8D3272318B7C600EACFEE /* 猜你喜欢 */,
				C1B8D32A2318B7C600EACFEE /* 九宫格 */,
				C1B8D32C2318B7C600EACFEE /* 最热有声书 */,
				C1B8D32F2318B7C600EACFEE /* 推荐直播 */,
				C1B8D3322318B7C600EACFEE /* NewsCell */,
				C1B8D3342318B7C600EACFEE /* 广告 */,
			);
			path = View;
			sourceTree = "<group>";
		};
		C1B8D31E2318B7C600EACFEE /* 为你推荐 */ = {
			isa = PBXGroup;
			children = (
				C1B8D31F2318B7C600EACFEE /* LBRecommendForYouCell.swift */,
				C1B8D3202318B7C600EACFEE /* LBFMRecommendForYouCell.swift */,
			);
			path = "为你推荐";
			sourceTree = "<group>";
		};
		C1B8D3212318B7C600EACFEE /* 懒人电台 */ = {
			isa = PBXGroup;
			children = (
				C1B8D3222318B7C600EACFEE /* LBFMOneKeyListenCell.swift */,
				C1B8D3232318B7C600EACFEE /* LBOneKeyListenCell.swift */,
			);
			path = "懒人电台";
			sourceTree = "<group>";
		};
		C1B8D3242318B7C600EACFEE /* 组头尾部视图 */ = {
			isa = PBXGroup;
			children = (
				C1B8D3252318B7C600EACFEE /* LBFMRecommendHeaderView.swift */,
				C1B8D3262318B7C600EACFEE /* LBFMRecommendFooterView.swift */,
			);
			path = "组头尾部视图";
			sourceTree = "<group>";
		};
		C1B8D3272318B7C600EACFEE /* 猜你喜欢 */ = {
			isa = PBXGroup;
			children = (
				C1B8D3282318B7C600EACFEE /* LBFMGuessYouLikeCell.swift */,
				C1B8D3292318B7C600EACFEE /* LBFMRecommendGuessLikeCell.swift */,
			);
			path = "猜你喜欢";
			sourceTree = "<group>";
		};
		C1B8D32A2318B7C600EACFEE /* 九宫格 */ = {
			isa = PBXGroup;
			children = (
				C1B8D32B2318B7C600EACFEE /* LBFMRecommendGridCell.swift */,
			);
			path = "九宫格";
			sourceTree = "<group>";
		};
		C1B8D32C2318B7C600EACFEE /* 最热有声书 */ = {
			isa = PBXGroup;
			children = (
				C1B8D32D2318B7C600EACFEE /* LBFMHotAudiobookCell.swift */,
				C1B8D32E2318B7C600EACFEE /* LBHotAudiobookCell.swift */,
			);
			path = "最热有声书";
			sourceTree = "<group>";
		};
		C1B8D32F2318B7C600EACFEE /* 推荐直播 */ = {
			isa = PBXGroup;
			children = (
				C1B8D3302318B7C600EACFEE /* LBRecommendLiveCell.swift */,
				C1B8D3312318B7C600EACFEE /* LBFMHomeRecommendLiveCell.swift */,
			);
			path = "推荐直播";
			sourceTree = "<group>";
		};
		C1B8D3322318B7C600EACFEE /* NewsCell */ = {
			isa = PBXGroup;
			children = (
				C1B8D3332318B7C600EACFEE /* LBFMRecommendNewsCell.swift */,
			);
			path = NewsCell;
			sourceTree = "<group>";
		};
		C1B8D3342318B7C600EACFEE /* 广告 */ = {
			isa = PBXGroup;
			children = (
				C1B8D3352318B7C600EACFEE /* LBFMAdvertCell.swift */,
			);
			path = "广告";
			sourceTree = "<group>";
		};
		C1B8D3362318B7C600EACFEE /* API */ = {
			isa = PBXGroup;
			children = (
				C1B8D3372318B7C600EACFEE /* LBFMRecommendProvider.swift */,
			);
			path = API;
			sourceTree = "<group>";
		};
/* End PBXGroup section */

/* Begin PBXNativeTarget section */
		C1AAC50922FA614C006059A9 /* LBFM */ = {
			isa = PBXNativeTarget;
			buildConfigurationList = C1AAC53222FA614D006059A9 /* Build configuration list for PBXNativeTarget "LBFM" */;
			buildPhases = (
				1E9807BF326EB02A7110B1D4 /* [CP] Check Pods Manifest.lock */,
				C1AAC50622FA614C006059A9 /* Sources */,
				C1AAC50722FA614C006059A9 /* Frameworks */,
				C1AAC50822FA614C006059A9 /* Resources */,
				FD42C7E27937E759B4CF65FF /* [CP] Embed Pods Frameworks */,
			);
			buildRules = (
			);
			dependencies = (
			);
			name = LBFM;
			productName = LBFM;
			productReference = C1AAC50A22FA614C006059A9 /* LBFM.app */;
			productType = "com.apple.product-type.application";
		};
		C1AAC51D22FA614D006059A9 /* LBFMTests */ = {
			isa = PBXNativeTarget;
			buildConfigurationList = C1AAC53522FA614D006059A9 /* Build configuration list for PBXNativeTarget "LBFMTests" */;
			buildPhases = (
				C1AAC51A22FA614D006059A9 /* Sources */,
				C1AAC51B22FA614D006059A9 /* Frameworks */,
				C1AAC51C22FA614D006059A9 /* Resources */,
			);
			buildRules = (
			);
			dependencies = (
				C1AAC52022FA614D006059A9 /* PBXTargetDependency */,
			);
			name = LBFMTests;
			productName = LBFMTests;
			productReference = C1AAC51E22FA614D006059A9 /* LBFMTests.xctest */;
			productType = "com.apple.product-type.bundle.unit-test";
		};
		C1AAC52822FA614D006059A9 /* LBFMUITests */ = {
			isa = PBXNativeTarget;
			buildConfigurationList = C1AAC53822FA614D006059A9 /* Build configuration list for PBXNativeTarget "LBFMUITests" */;
			buildPhases = (
				C1AAC52522FA614D006059A9 /* Sources */,
				C1AAC52622FA614D006059A9 /* Frameworks */,
				C1AAC52722FA614D006059A9 /* Resources */,
			);
			buildRules = (
			);
			dependencies = (
				C1AAC52B22FA614D006059A9 /* PBXTargetDependency */,
			);
			name = LBFMUITests;
			productName = LBFMUITests;
			productReference = C1AAC52922FA614D006059A9 /* LBFMUITests.xctest */;
			productType = "com.apple.product-type.bundle.ui-testing";
		};
/* End PBXNativeTarget section */

/* Begin PBXProject section */
		C1AAC50222FA614C006059A9 /* Project object */ = {
			isa = PBXProject;
			attributes = {
				LastSwiftUpdateCheck = 1020;
				LastUpgradeCheck = 1020;
				ORGANIZATIONNAME = "戴晨";
				TargetAttributes = {
					C1AAC50922FA614C006059A9 = {
						CreatedOnToolsVersion = 10.2.1;
					};
					C1AAC51D22FA614D006059A9 = {
						CreatedOnToolsVersion = 10.2.1;
						TestTargetID = C1AAC50922FA614C006059A9;
					};
					C1AAC52822FA614D006059A9 = {
						CreatedOnToolsVersion = 10.2.1;
						TestTargetID = C1AAC50922FA614C006059A9;
					};
				};
			};
			buildConfigurationList = C1AAC50522FA614C006059A9 /* Build configuration list for PBXProject "LBFM" */;
			compatibilityVersion = "Xcode 9.3";
			developmentRegion = en;
			hasScannedForEncodings = 0;
			knownRegions = (
				en,
				Base,
			);
			mainGroup = C1AAC50122FA614C006059A9;
			productRefGroup = C1AAC50B22FA614C006059A9 /* Products */;
			projectDirPath = "";
			projectRoot = "";
			targets = (
				C1AAC50922FA614C006059A9 /* LBFM */,
				C1AAC51D22FA614D006059A9 /* LBFMTests */,
				C1AAC52822FA614D006059A9 /* LBFMUITests */,
			);
		};
/* End PBXProject section */

/* Begin PBXResourcesBuildPhase section */
		C1AAC50822FA614C006059A9 /* Resources */ = {
			isa = PBXResourcesBuildPhase;
			buildActionMask = 2147483647;
			files = (
				C1AAC51822FA614D006059A9 /* LaunchScreen.storyboard in Resources */,
				C1AAC51522FA614D006059A9 /* Assets.xcassets in Resources */,
				C1AAC51322FA614C006059A9 /* Main.storyboard in Resources */,
			);
			runOnlyForDeploymentPostprocessing = 0;
		};
		C1AAC51C22FA614D006059A9 /* Resources */ = {
			isa = PBXResourcesBuildPhase;
			buildActionMask = 2147483647;
			files = (
			);
			runOnlyForDeploymentPostprocessing = 0;
		};
		C1AAC52722FA614D006059A9 /* Resources */ = {
			isa = PBXResourcesBuildPhase;
			buildActionMask = 2147483647;
			files = (
			);
			runOnlyForDeploymentPostprocessing = 0;
		};
/* End PBXResourcesBuildPhase section */

/* Begin PBXShellScriptBuildPhase section */
		1E9807BF326EB02A7110B1D4 /* [CP] Check Pods Manifest.lock */ = {
			isa = PBXShellScriptBuildPhase;
			buildActionMask = 2147483647;
			files = (
			);
			inputFileListPaths = (
			);
			inputPaths = (
				"${PODS_PODFILE_DIR_PATH}/Podfile.lock",
				"${PODS_ROOT}/Manifest.lock",
			);
			name = "[CP] Check Pods Manifest.lock";
			outputFileListPaths = (
			);
			outputPaths = (
				"$(DERIVED_FILE_DIR)/Pods-LBFM-checkManifestLockResult.txt",
			);
			runOnlyForDeploymentPostprocessing = 0;
			shellPath = /bin/sh;
			shellScript = "diff \"${PODS_PODFILE_DIR_PATH}/Podfile.lock\" \"${PODS_ROOT}/Manifest.lock\" > /dev/null\nif [ $? != 0 ] ; then\n    # print error to STDERR\n    echo \"error: The sandbox is not in sync with the Podfile.lock. Run 'pod install' or update your CocoaPods installation.\" >&2\n    exit 1\nfi\n# This output is used by Xcode 'outputs' to avoid re-running this script phase.\necho \"SUCCESS\" > \"${SCRIPT_OUTPUT_FILE_0}\"\n";
			showEnvVarsInLog = 0;
		};
		FD42C7E27937E759B4CF65FF /* [CP] Embed Pods Frameworks */ = {
			isa = PBXShellScriptBuildPhase;
			buildActionMask = 2147483647;
			files = (
			);
			inputFileListPaths = (
			);
			inputPaths = (
				"${PODS_ROOT}/Target Support Files/Pods-LBFM/Pods-LBFM-frameworks.sh",
				"${BUILT_PRODUCTS_DIR}/Alamofire/Alamofire.framework",
				"${BUILT_PRODUCTS_DIR}/DNSPageView/DNSPageView.framework",
				"${BUILT_PRODUCTS_DIR}/ESTabBarController-swift/ESTabBarController_swift.framework",
				"${BUILT_PRODUCTS_DIR}/FSPagerView/FSPagerView.framework",
				"${BUILT_PRODUCTS_DIR}/HandyJSON/HandyJSON.framework",
				"${BUILT_PRODUCTS_DIR}/JXMarqueeView/JXMarqueeView.framework",
				"${BUILT_PRODUCTS_DIR}/Kingfisher/Kingfisher.framework",
				"${BUILT_PRODUCTS_DIR}/LTScrollView/LTScrollView.framework",
				"${BUILT_PRODUCTS_DIR}/MJRefresh/MJRefresh.framework",
				"${BUILT_PRODUCTS_DIR}/Moya/Moya.framework",
				"${BUILT_PRODUCTS_DIR}/Result/Result.framework",
				"${BUILT_PRODUCTS_DIR}/SVProgressHUD/SVProgressHUD.framework",
				"${BUILT_PRODUCTS_DIR}/SnapKit/SnapKit.framework",
				"${BUILT_PRODUCTS_DIR}/StreamingKit/StreamingKit.framework",
				"${BUILT_PRODUCTS_DIR}/SwiftMessages/SwiftMessages.framework",
				"${BUILT_PRODUCTS_DIR}/SwiftyJSON/SwiftyJSON.framework",
			);
			name = "[CP] Embed Pods Frameworks";
			outputFileListPaths = (
			);
			outputPaths = (
				"${TARGET_BUILD_DIR}/${FRAMEWORKS_FOLDER_PATH}/Alamofire.framework",
				"${TARGET_BUILD_DIR}/${FRAMEWORKS_FOLDER_PATH}/DNSPageView.framework",
				"${TARGET_BUILD_DIR}/${FRAMEWORKS_FOLDER_PATH}/ESTabBarController_swift.framework",
				"${TARGET_BUILD_DIR}/${FRAMEWORKS_FOLDER_PATH}/FSPagerView.framework",
				"${TARGET_BUILD_DIR}/${FRAMEWORKS_FOLDER_PATH}/HandyJSON.framework",
				"${TARGET_BUILD_DIR}/${FRAMEWORKS_FOLDER_PATH}/JXMarqueeView.framework",
				"${TARGET_BUILD_DIR}/${FRAMEWORKS_FOLDER_PATH}/Kingfisher.framework",
				"${TARGET_BUILD_DIR}/${FRAMEWORKS_FOLDER_PATH}/LTScrollView.framework",
				"${TARGET_BUILD_DIR}/${FRAMEWORKS_FOLDER_PATH}/MJRefresh.framework",
				"${TARGET_BUILD_DIR}/${FRAMEWORKS_FOLDER_PATH}/Moya.framework",
				"${TARGET_BUILD_DIR}/${FRAMEWORKS_FOLDER_PATH}/Result.framework",
				"${TARGET_BUILD_DIR}/${FRAMEWORKS_FOLDER_PATH}/SVProgressHUD.framework",
				"${TARGET_BUILD_DIR}/${FRAMEWORKS_FOLDER_PATH}/SnapKit.framework",
				"${TARGET_BUILD_DIR}/${FRAMEWORKS_FOLDER_PATH}/StreamingKit.framework",
				"${TARGET_BUILD_DIR}/${FRAMEWORKS_FOLDER_PATH}/SwiftMessages.framework",
				"${TARGET_BUILD_DIR}/${FRAMEWORKS_FOLDER_PATH}/SwiftyJSON.framework",
			);
			runOnlyForDeploymentPostprocessing = 0;
			shellPath = /bin/sh;
			shellScript = "\"${PODS_ROOT}/Target Support Files/Pods-LBFM/Pods-LBFM-frameworks.sh\"\n";
			showEnvVarsInLog = 0;
		};
/* End PBXShellScriptBuildPhase section */

/* Begin PBXSourcesBuildPhase section */
		C1AAC50622FA614C006059A9 /* Sources */ = {
			isa = PBXSourcesBuildPhase;
			buildActionMask = 2147483647;
			files = (
				C1A9D99922FD1D98007BBF35 /* LBFMPlayModel.swift in Sources */,
				C1B8D33A2318B7C600EACFEE /* LBFMRecommendModel.swift in Sources */,
				C1AAC57B22FAA30A006059A9 /* WRCycleScrollView.swift in Sources */,
				C1AAC57522FAA30A006059A9 /* WRCustomNavigationBar.swift in Sources */,
				C16A29F3230D2CCA00D4DAB4 /* LBFMClassifySubModuleType23Cell.swift in Sources */,
				C1A9D99B22FD1FBA007BBF35 /* LBFMPlayViewModel.swift in Sources */,
				C1B8D34B2318B7C600EACFEE /* LBFMRecommendProvider.swift in Sources */,
				C1A9D99122FD1D14007BBF35 /* LBFMPlayCell.swift in Sources */,
				C17800EA22FBC5F9004007FF /* LBFMHomeClassifProvider.swift in Sources */,
				C17800FF22FC23DA004007FF /* LBFMClassifySubVerticalCell.swift in Sources */,
				C1B8D33E2318B7C600EACFEE /* LBFMOneKeyListenCell.swift in Sources */,
				C1B8D34A2318B7C600EACFEE /* LBFMAdvertCell.swift in Sources */,
				C1B8D3442318B7C600EACFEE /* LBFMRecommendGridCell.swift in Sources */,
				C17800E022FBAE6D004007FF /* LBFMHomeClassifyHeaderView.swift in Sources */,
				C1B8D34D2318FB5500EACFEE /* LBFMWebViewController.swift in Sources */,
				C1AAC57222FAA30A006059A9 /* WRNavigationBar.swift in Sources */,
				C1B8D33D2318B7C600EACFEE /* LBFMRecommendForYouCell.swift in Sources */,
				C1AAC57E22FAA30A006059A9 /* WRCycleCell.swift in Sources */,
				C1A9D99322FD1D23007BBF35 /* LBFMPlayCommentCell.swift in Sources */,
				C1B8D3392318B7C600EACFEE /* LBFMHomeRecommendController.swift in Sources */,
				C17800E422FBAE87004007FF /* LBFMHomeClassifyCell.swift in Sources */,
				C17800F822FC1889004007FF /* LBFMClassifySubContentController.swift in Sources */,
				C1B8D3422318B7C600EACFEE /* LBFMGuessYouLikeCell.swift in Sources */,
				C1AAC5B322FAC107006059A9 /* LBFMHomeClassifyController.swift in Sources */,
				C17800E622FBBBEA004007FF /* LBFMHomeClassifyModel.swift in Sources */,
				C1B8D3452318B7C600EACFEE /* LBFMHotAudiobookCell.swift in Sources */,
				C17800FA22FC1968004007FF /* LBFMClassifySubRecommendController.swift in Sources */,
				C17800F422FC10A6004007FF /* LBFMClassifySubMenuProvider.swift in Sources */,
				C16A29E8230D2CBD00D4DAB4 /* LBFMClassifySubHorizontalCell.swift in Sources */,
				C1AAC58322FAA9E2006059A9 /* LBFMHeader.swift in Sources */,
				C16A29E6230D2B6600D4DAB4 /* LBFMClassifySubCategoryCell.swift in Sources */,
				C17800E222FBAE76004007FF /* LBFMHomeClassifyFooterView.swift in Sources */,
				C1AAC54722FA79C7006059A9 /* LBFMFindController.swift in Sources */,
				C1B8D3492318B7C600EACFEE /* LBFMRecommendNewsCell.swift in Sources */,
				C1B8D3472318B7C600EACFEE /* LBRecommendLiveCell.swift in Sources */,
				C1B8D3432318B7C600EACFEE /* LBFMRecommendGuessLikeCell.swift in Sources */,
				C1A9D98F22FD1CF4007BBF35 /* LBFMPlayFooterView.swift in Sources */,
				C1B8D33B2318B7C600EACFEE /* LBFMRecommendHeaderCell.swift in Sources */,
				C1AAC57822FAA30A006059A9 /* WRProxy.swift in Sources */,
				C1AAC54522FA79BF006059A9 /* LBFMMineController.swift in Sources */,
				C1AAC56C22FAA30A006059A9 /* ReplicatorLayer.swift in Sources */,
				C16A29EF230D2CCA00D4DAB4 /* LBFMClassifySubModuleType4Cell.swift in Sources */,
				C1B8D3402318B7C600EACFEE /* LBFMRecommendHeaderView.swift in Sources */,
				C16A29F2230D2CCA00D4DAB4 /* LBFMClassifySubModuleType17Cell.swift in Sources */,
				C16A29DE230D22C100D4DAB4 /* LBFMClassifySubFooterView.swift in Sources */,
				C1AAC54322FA79B4006059A9 /* LBFMListenController.swift in Sources */,
				C1AAC5B722FAC113006059A9 /* LBFMHomeBroadcastController.swift in Sources */,
				C1AAC54C22FAA137006059A9 /* LBFMNavigationController.swift in Sources */,
				C1AAC54922FA79D1006059A9 /* LBFMPlayController.swift in Sources */,
				C1AAC53D22FA78E9006059A9 /* LBFMHomeController.swift in Sources */,
				C16A29F4230D2CCA00D4DAB4 /* LBFMClassifySubModuleType19Cell.swift in Sources */,
				C1A9D98D22FD1CE6007BBF35 /* LBFMPlayHeaderView.swift in Sources */,
				C1A9D99522FD1D2D007BBF35 /* LBFMPlayCircleCell.swift in Sources */,
				C1A9D99722FD1D37007BBF35 /* LBFMPlayAnchorCell.swift in Sources */,
				C17800F222FC0C73004007FF /* LBFMClassifySubMenuController.swift in Sources */,
				C1AAC58722FABA2E006059A9 /* LBFMIrregularityBasicContentView.swift in Sources */,
				C1B8D3382318B7C600EACFEE /* LBFMRecommendViewModel.swift in Sources */,
				C1A9D99D22FD42AC007BBF35 /* LBFMPlayProvider.swift in Sources */,
				C16A29F0230D2CCA00D4DAB4 /* LBFMClassifySubModuleType20Cell.swift in Sources */,
				C1AAC50E22FA614C006059A9 /* AppDelegate.swift in Sources */,
				C1AAC5BB22FAC11F006059A9 /* LBFMHomeLiveController.swift in Sources */,
				C1B8D33F2318B7C600EACFEE /* LBOneKeyListenCell.swift in Sources */,
				C17800FD22FC1B10004007FF /* URefresh.swift in Sources */,
				C16A29F1230D2CCA00D4DAB4 /* LBFMClassifySubModuleType16Cell.swift in Sources */,
				C17800E822FBC514004007FF /* LBFMHomeClassifyViewModel.swift in Sources */,
				C16A29DC230D22AB00D4DAB4 /* LBFMClassifySubHeaderView.swift in Sources */,
				C1AAC5BF22FAC12B006059A9 /* LBFMHomeVIPController.swift in Sources */,
				C17800F622FC1541004007FF /* LBFMClassifySubMenuCategoryModel.swift in Sources */,
				C1B8D33C2318B7C600EACFEE /* LBRecommendForYouCell.swift in Sources */,
				C1B8D3462318B7C600EACFEE /* LBHotAudiobookCell.swift in Sources */,
				C1B8D3482318B7C600EACFEE /* LBFMHomeRecommendLiveCell.swift in Sources */,
				C16A29E4230D2B2500D4DAB4 /* LBFMClassifySubHeaderCell.swift in Sources */,
				C1B8D3412318B7C600EACFEE /* LBFMRecommendFooterView.swift in Sources */,
				C1AAC56F22FAA30A006059A9 /* LBFMCustomLabel.swift in Sources */,
				C16A29E0230D268700D4DAB4 /* LBFMClassifySubRecommendViewModel.swift in Sources */,
			);
			runOnlyForDeploymentPostprocessing = 0;
		};
		C1AAC51A22FA614D006059A9 /* Sources */ = {
			isa = PBXSourcesBuildPhase;
			buildActionMask = 2147483647;
			files = (
				C1AAC5C022FAC12B006059A9 /* LBFMHomeVIPController.swift in Sources */,
				C1AAC57C22FAA30A006059A9 /* WRCycleScrollView.swift in Sources */,
				C1AAC58822FABA2E006059A9 /* LBFMIrregularityBasicContentView.swift in Sources */,
				C1AAC56D22FAA30A006059A9 /* ReplicatorLayer.swift in Sources */,
				C1AAC52322FA614D006059A9 /* LBFMTests.swift in Sources */,
				C1AAC57322FAA30A006059A9 /* WRNavigationBar.swift in Sources */,
				C1AAC5BC22FAC11F006059A9 /* LBFMHomeLiveController.swift in Sources */,
				C1AAC57922FAA30A006059A9 /* WRProxy.swift in Sources */,
				C1AAC57F22FAA30A006059A9 /* WRCycleCell.swift in Sources */,
				C1AAC57622FAA30A006059A9 /* WRCustomNavigationBar.swift in Sources */,
				C1AAC58422FAA9E2006059A9 /* LBFMHeader.swift in Sources */,
				C1AAC5B822FAC113006059A9 /* LBFMHomeBroadcastController.swift in Sources */,
				C1AAC5B422FAC107006059A9 /* LBFMHomeClassifyController.swift in Sources */,
				C1AAC57022FAA30A006059A9 /* LBFMCustomLabel.swift in Sources */,
			);
			runOnlyForDeploymentPostprocessing = 0;
		};
		C1AAC52522FA614D006059A9 /* Sources */ = {
			isa = PBXSourcesBuildPhase;
			buildActionMask = 2147483647;
			files = (
				C1AAC5C122FAC12B006059A9 /* LBFMHomeVIPController.swift in Sources */,
				C1AAC57D22FAA30A006059A9 /* WRCycleScrollView.swift in Sources */,
				C1AAC58922FABA2E006059A9 /* LBFMIrregularityBasicContentView.swift in Sources */,
				C1AAC56E22FAA30A006059A9 /* ReplicatorLayer.swift in Sources */,
				C1AAC52E22FA614D006059A9 /* LBFMUITests.swift in Sources */,
				C1AAC57422FAA30A006059A9 /* WRNavigationBar.swift in Sources */,
				C1AAC5BD22FAC11F006059A9 /* LBFMHomeLiveController.swift in Sources */,
				C1AAC57A22FAA30A006059A9 /* WRProxy.swift in Sources */,
				C1AAC58022FAA30A006059A9 /* WRCycleCell.swift in Sources */,
				C1AAC57722FAA30A006059A9 /* WRCustomNavigationBar.swift in Sources */,
				C1AAC58522FAA9E2006059A9 /* LBFMHeader.swift in Sources */,
				C1AAC5B922FAC113006059A9 /* LBFMHomeBroadcastController.swift in Sources */,
				C1AAC5B522FAC107006059A9 /* LBFMHomeClassifyController.swift in Sources */,
				C1AAC57122FAA30A006059A9 /* LBFMCustomLabel.swift in Sources */,
			);
			runOnlyForDeploymentPostprocessing = 0;
		};
/* End PBXSourcesBuildPhase section */

/* Begin PBXTargetDependency section */
		C1AAC52022FA614D006059A9 /* PBXTargetDependency */ = {
			isa = PBXTargetDependency;
			target = C1AAC50922FA614C006059A9 /* LBFM */;
			targetProxy = C1AAC51F22FA614D006059A9 /* PBXContainerItemProxy */;
		};
		C1AAC52B22FA614D006059A9 /* PBXTargetDependency */ = {
			isa = PBXTargetDependency;
			target = C1AAC50922FA614C006059A9 /* LBFM */;
			targetProxy = C1AAC52A22FA614D006059A9 /* PBXContainerItemProxy */;
		};
/* End PBXTargetDependency section */

/* Begin PBXVariantGroup section */
		C1AAC51122FA614C006059A9 /* Main.storyboard */ = {
			isa = PBXVariantGroup;
			children = (
				C1AAC51222FA614C006059A9 /* Base */,
			);
			name = Main.storyboard;
			sourceTree = "<group>";
		};
		C1AAC51622FA614D006059A9 /* LaunchScreen.storyboard */ = {
			isa = PBXVariantGroup;
			children = (
				C1AAC51722FA614D006059A9 /* Base */,
			);
			name = LaunchScreen.storyboard;
			sourceTree = "<group>";
		};
/* End PBXVariantGroup section */

/* Begin XCBuildConfiguration section */
		C1AAC53022FA614D006059A9 /* Debug */ = {
			isa = XCBuildConfiguration;
			buildSettings = {
				ALWAYS_SEARCH_USER_PATHS = NO;
				CLANG_ANALYZER_NONNULL = YES;
				CLANG_ANALYZER_NUMBER_OBJECT_CONVERSION = YES_AGGRESSIVE;
				CLANG_CXX_LANGUAGE_STANDARD = "gnu++14";
				CLANG_CXX_LIBRARY = "libc++";
				CLANG_ENABLE_MODULES = YES;
				CLANG_ENABLE_OBJC_ARC = YES;
				CLANG_ENABLE_OBJC_WEAK = YES;
				CLANG_WARN_BLOCK_CAPTURE_AUTORELEASING = YES;
				CLANG_WARN_BOOL_CONVERSION = YES;
				CLANG_WARN_COMMA = YES;
				CLANG_WARN_CONSTANT_CONVERSION = YES;
				CLANG_WARN_DEPRECATED_OBJC_IMPLEMENTATIONS = YES;
				CLANG_WARN_DIRECT_OBJC_ISA_USAGE = YES_ERROR;
				CLANG_WARN_DOCUMENTATION_COMMENTS = YES;
				CLANG_WARN_EMPTY_BODY = YES;
				CLANG_WARN_ENUM_CONVERSION = YES;
				CLANG_WARN_INFINITE_RECURSION = YES;
				CLANG_WARN_INT_CONVERSION = YES;
				CLANG_WARN_NON_LITERAL_NULL_CONVERSION = YES;
				CLANG_WARN_OBJC_IMPLICIT_RETAIN_SELF = YES;
				CLANG_WARN_OBJC_LITERAL_CONVERSION = YES;
				CLANG_WARN_OBJC_ROOT_CLASS = YES_ERROR;
				CLANG_WARN_RANGE_LOOP_ANALYSIS = YES;
				CLANG_WARN_STRICT_PROTOTYPES = YES;
				CLANG_WARN_SUSPICIOUS_MOVE = YES;
				CLANG_WARN_UNGUARDED_AVAILABILITY = YES_AGGRESSIVE;
				CLANG_WARN_UNREACHABLE_CODE = YES;
				CLANG_WARN__DUPLICATE_METHOD_MATCH = YES;
				CODE_SIGN_IDENTITY = "iPhone Developer";
				COPY_PHASE_STRIP = NO;
				DEBUG_INFORMATION_FORMAT = dwarf;
				ENABLE_STRICT_OBJC_MSGSEND = YES;
				ENABLE_TESTABILITY = YES;
				GCC_C_LANGUAGE_STANDARD = gnu11;
				GCC_DYNAMIC_NO_PIC = NO;
				GCC_NO_COMMON_BLOCKS = YES;
				GCC_OPTIMIZATION_LEVEL = 0;
				GCC_PREPROCESSOR_DEFINITIONS = (
					"DEBUG=1",
					"$(inherited)",
				);
				GCC_WARN_64_TO_32_BIT_CONVERSION = YES;
				GCC_WARN_ABOUT_RETURN_TYPE = YES_ERROR;
				GCC_WARN_UNDECLARED_SELECTOR = YES;
				GCC_WARN_UNINITIALIZED_AUTOS = YES_AGGRESSIVE;
				GCC_WARN_UNUSED_FUNCTION = YES;
				GCC_WARN_UNUSED_VARIABLE = YES;
				IPHONEOS_DEPLOYMENT_TARGET = 12.2;
				MTL_ENABLE_DEBUG_INFO = INCLUDE_SOURCE;
				MTL_FAST_MATH = YES;
				ONLY_ACTIVE_ARCH = YES;
				SDKROOT = iphoneos;
				SWIFT_ACTIVE_COMPILATION_CONDITIONS = DEBUG;
				SWIFT_OPTIMIZATION_LEVEL = "-Onone";
			};
			name = Debug;
		};
		C1AAC53122FA614D006059A9 /* Release */ = {
			isa = XCBuildConfiguration;
			buildSettings = {
				ALWAYS_SEARCH_USER_PATHS = NO;
				CLANG_ANALYZER_NONNULL = YES;
				CLANG_ANALYZER_NUMBER_OBJECT_CONVERSION = YES_AGGRESSIVE;
				CLANG_CXX_LANGUAGE_STANDARD = "gnu++14";
				CLANG_CXX_LIBRARY = "libc++";
				CLANG_ENABLE_MODULES = YES;
				CLANG_ENABLE_OBJC_ARC = YES;
				CLANG_ENABLE_OBJC_WEAK = YES;
				CLANG_WARN_BLOCK_CAPTURE_AUTORELEASING = YES;
				CLANG_WARN_BOOL_CONVERSION = YES;
				CLANG_WARN_COMMA = YES;
				CLANG_WARN_CONSTANT_CONVERSION = YES;
				CLANG_WARN_DEPRECATED_OBJC_IMPLEMENTATIONS = YES;
				CLANG_WARN_DIRECT_OBJC_ISA_USAGE = YES_ERROR;
				CLANG_WARN_DOCUMENTATION_COMMENTS = YES;
				CLANG_WARN_EMPTY_BODY = YES;
				CLANG_WARN_ENUM_CONVERSION = YES;
				CLANG_WARN_INFINITE_RECURSION = YES;
				CLANG_WARN_INT_CONVERSION = YES;
				CLANG_WARN_NON_LITERAL_NULL_CONVERSION = YES;
				CLANG_WARN_OBJC_IMPLICIT_RETAIN_SELF = YES;
				CLANG_WARN_OBJC_LITERAL_CONVERSION = YES;
				CLANG_WARN_OBJC_ROOT_CLASS = YES_ERROR;
				CLANG_WARN_RANGE_LOOP_ANALYSIS = YES;
				CLANG_WARN_STRICT_PROTOTYPES = YES;
				CLANG_WARN_SUSPICIOUS_MOVE = YES;
				CLANG_WARN_UNGUARDED_AVAILABILITY = YES_AGGRESSIVE;
				CLANG_WARN_UNREACHABLE_CODE = YES;
				CLANG_WARN__DUPLICATE_METHOD_MATCH = YES;
				CODE_SIGN_IDENTITY = "iPhone Developer";
				COPY_PHASE_STRIP = NO;
				DEBUG_INFORMATION_FORMAT = "dwarf-with-dsym";
				ENABLE_NS_ASSERTIONS = NO;
				ENABLE_STRICT_OBJC_MSGSEND = YES;
				GCC_C_LANGUAGE_STANDARD = gnu11;
				GCC_NO_COMMON_BLOCKS = YES;
				GCC_WARN_64_TO_32_BIT_CONVERSION = YES;
				GCC_WARN_ABOUT_RETURN_TYPE = YES_ERROR;
				GCC_WARN_UNDECLARED_SELECTOR = YES;
				GCC_WARN_UNINITIALIZED_AUTOS = YES_AGGRESSIVE;
				GCC_WARN_UNUSED_FUNCTION = YES;
				GCC_WARN_UNUSED_VARIABLE = YES;
				IPHONEOS_DEPLOYMENT_TARGET = 12.2;
				MTL_ENABLE_DEBUG_INFO = NO;
				MTL_FAST_MATH = YES;
				SDKROOT = iphoneos;
				SWIFT_COMPILATION_MODE = wholemodule;
				SWIFT_OPTIMIZATION_LEVEL = "-O";
				VALIDATE_PRODUCT = YES;
			};
			name = Release;
		};
		C1AAC53322FA614D006059A9 /* Debug */ = {
			isa = XCBuildConfiguration;
			baseConfigurationReference = DAD80460D7F6D17529D43098 /* Pods-LBFM.debug.xcconfig */;
			buildSettings = {
				ASSETCATALOG_COMPILER_APPICON_NAME = AppIcon;
				CODE_SIGN_STYLE = Automatic;
				DEVELOPMENT_TEAM = 2CF2K69ZFQ;
				INFOPLIST_FILE = LBFM/Info.plist;
				LD_RUNPATH_SEARCH_PATHS = (
					"$(inherited)",
					"@executable_path/Frameworks",
				);
				PRODUCT_BUNDLE_IDENTIFIER = dc1300.LBFM;
				PRODUCT_NAME = "$(TARGET_NAME)";
				SWIFT_VERSION = 5.0;
				TARGETED_DEVICE_FAMILY = "1,2";
			};
			name = Debug;
		};
		C1AAC53422FA614D006059A9 /* Release */ = {
			isa = XCBuildConfiguration;
			baseConfigurationReference = 6EA1B015D00B9429529BC6CA /* Pods-LBFM.release.xcconfig */;
			buildSettings = {
				ASSETCATALOG_COMPILER_APPICON_NAME = AppIcon;
				CODE_SIGN_STYLE = Automatic;
				DEVELOPMENT_TEAM = 2CF2K69ZFQ;
				INFOPLIST_FILE = LBFM/Info.plist;
				LD_RUNPATH_SEARCH_PATHS = (
					"$(inherited)",
					"@executable_path/Frameworks",
				);
				PRODUCT_BUNDLE_IDENTIFIER = dc1300.LBFM;
				PRODUCT_NAME = "$(TARGET_NAME)";
				SWIFT_VERSION = 5.0;
				TARGETED_DEVICE_FAMILY = "1,2";
			};
			name = Release;
		};
		C1AAC53622FA614D006059A9 /* Debug */ = {
			isa = XCBuildConfiguration;
			buildSettings = {
				ALWAYS_EMBED_SWIFT_STANDARD_LIBRARIES = YES;
				BUNDLE_LOADER = "$(TEST_HOST)";
				CODE_SIGN_STYLE = Automatic;
				DEVELOPMENT_TEAM = 2CF2K69ZFQ;
				INFOPLIST_FILE = LBFMTests/Info.plist;
				LD_RUNPATH_SEARCH_PATHS = (
					"$(inherited)",
					"@executable_path/Frameworks",
					"@loader_path/Frameworks",
				);
				PRODUCT_BUNDLE_IDENTIFIER = dc1300.LBFMTests;
				PRODUCT_NAME = "$(TARGET_NAME)";
				SWIFT_VERSION = 5.0;
				TARGETED_DEVICE_FAMILY = "1,2";
				TEST_HOST = "$(BUILT_PRODUCTS_DIR)/LBFM.app/LBFM";
			};
			name = Debug;
		};
		C1AAC53722FA614D006059A9 /* Release */ = {
			isa = XCBuildConfiguration;
			buildSettings = {
				ALWAYS_EMBED_SWIFT_STANDARD_LIBRARIES = YES;
				BUNDLE_LOADER = "$(TEST_HOST)";
				CODE_SIGN_STYLE = Automatic;
				DEVELOPMENT_TEAM = 2CF2K69ZFQ;
				INFOPLIST_FILE = LBFMTests/Info.plist;
				LD_RUNPATH_SEARCH_PATHS = (
					"$(inherited)",
					"@executable_path/Frameworks",
					"@loader_path/Frameworks",
				);
				PRODUCT_BUNDLE_IDENTIFIER = dc1300.LBFMTests;
				PRODUCT_NAME = "$(TARGET_NAME)";
				SWIFT_VERSION = 5.0;
				TARGETED_DEVICE_FAMILY = "1,2";
				TEST_HOST = "$(BUILT_PRODUCTS_DIR)/LBFM.app/LBFM";
			};
			name = Release;
		};
		C1AAC53922FA614D006059A9 /* Debug */ = {
			isa = XCBuildConfiguration;
			buildSettings = {
				ALWAYS_EMBED_SWIFT_STANDARD_LIBRARIES = YES;
				CODE_SIGN_STYLE = Automatic;
				DEVELOPMENT_TEAM = 2CF2K69ZFQ;
				INFOPLIST_FILE = LBFMUITests/Info.plist;
				LD_RUNPATH_SEARCH_PATHS = (
					"$(inherited)",
					"@executable_path/Frameworks",
					"@loader_path/Frameworks",
				);
				PRODUCT_BUNDLE_IDENTIFIER = dc1300.LBFMUITests;
				PRODUCT_NAME = "$(TARGET_NAME)";
				SWIFT_VERSION = 5.0;
				TARGETED_DEVICE_FAMILY = "1,2";
				TEST_TARGET_NAME = LBFM;
			};
			name = Debug;
		};
		C1AAC53A22FA614D006059A9 /* Release */ = {
			isa = XCBuildConfiguration;
			buildSettings = {
				ALWAYS_EMBED_SWIFT_STANDARD_LIBRARIES = YES;
				CODE_SIGN_STYLE = Automatic;
				DEVELOPMENT_TEAM = 2CF2K69ZFQ;
				INFOPLIST_FILE = LBFMUITests/Info.plist;
				LD_RUNPATH_SEARCH_PATHS = (
					"$(inherited)",
					"@executable_path/Frameworks",
					"@loader_path/Frameworks",
				);
				PRODUCT_BUNDLE_IDENTIFIER = dc1300.LBFMUITests;
				PRODUCT_NAME = "$(TARGET_NAME)";
				SWIFT_VERSION = 5.0;
				TARGETED_DEVICE_FAMILY = "1,2";
				TEST_TARGET_NAME = LBFM;
			};
			name = Release;
		};
/* End XCBuildConfiguration section */

/* Begin XCConfigurationList section */
		C1AAC50522FA614C006059A9 /* Build configuration list for PBXProject "LBFM" */ = {
			isa = XCConfigurationList;
			buildConfigurations = (
				C1AAC53022FA614D006059A9 /* Debug */,
				C1AAC53122FA614D006059A9 /* Release */,
			);
			defaultConfigurationIsVisible = 0;
			defaultConfigurationName = Release;
		};
		C1AAC53222FA614D006059A9 /* Build configuration list for PBXNativeTarget "LBFM" */ = {
			isa = XCConfigurationList;
			buildConfigurations = (
				C1AAC53322FA614D006059A9 /* Debug */,
				C1AAC53422FA614D006059A9 /* Release */,
			);
			defaultConfigurationIsVisible = 0;
			defaultConfigurationName = Release;
		};
		C1AAC53522FA614D006059A9 /* Build configuration list for PBXNativeTarget "LBFMTests" */ = {
			isa = XCConfigurationList;
			buildConfigurations = (
				C1AAC53622FA614D006059A9 /* Debug */,
				C1AAC53722FA614D006059A9 /* Release */,
			);
			defaultConfigurationIsVisible = 0;
			defaultConfigurationName = Release;
		};
		C1AAC53822FA614D006059A9 /* Build configuration list for PBXNativeTarget "LBFMUITests" */ = {
			isa = XCConfigurationList;
			buildConfigurations = (
				C1AAC53922FA614D006059A9 /* Debug */,
				C1AAC53A22FA614D006059A9 /* Release */,
			);
			defaultConfigurationIsVisible = 0;
			defaultConfigurationName = Release;
		};
/* End XCConfigurationList section */
	};
	rootObject = C1AAC50222FA614C006059A9 /* Project object */;
}
